// !$*UTF8*$!
{
	archiveVersion = 1;
	classes = {
	};
	objectVersion = 50;
	objects = {

/* Begin PBXBuildFile section */
		707C470F226EBF4700C3B2B4 /* ONTNetworkService.m in Sources */ = {isa = PBXBuildFile; fileRef = 707C4645226EBF4700C3B2B4 /* ONTNetworkService.m */; };
		707C4710226EBF4700C3B2B4 /* ONTRestfulApi.m in Sources */ = {isa = PBXBuildFile; fileRef = 707C4646226EBF4700C3B2B4 /* ONTRestfulApi.m */; };
		707C4711226EBF4700C3B2B4 /* ONTRpcApi.m in Sources */ = {isa = PBXBuildFile; fileRef = 707C4647226EBF4700C3B2B4 /* ONTRpcApi.m */; };
		707C4712226EBF4700C3B2B4 /* ONTAFJSONRPCClient.m in Sources */ = {isa = PBXBuildFile; fileRef = 707C464A226EBF4700C3B2B4 /* ONTAFJSONRPCClient.m */; };
		707C4713226EBF4700C3B2B4 /* ONTUtils.m in Sources */ = {isa = PBXBuildFile; fileRef = 707C464E226EBF4700C3B2B4 /* ONTUtils.m */; };
		707C4714226EBF4700C3B2B4 /* ONTBalance.m in Sources */ = {isa = PBXBuildFile; fileRef = 707C4651226EBF4700C3B2B4 /* ONTBalance.m */; };
		707C4715226EBF4700C3B2B4 /* neoutils.framework in Frameworks */ = {isa = PBXBuildFile; fileRef = 707C4653226EBF4700C3B2B4 /* neoutils.framework */; };
		707C4716226EBF4700C3B2B4 /* ONTTransaction.m in Sources */ = {isa = PBXBuildFile; fileRef = 707C4656226EBF4700C3B2B4 /* ONTTransaction.m */; };
		707C4717226EBF4700C3B2B4 /* ONTSignature.m in Sources */ = {isa = PBXBuildFile; fileRef = 707C4657226EBF4700C3B2B4 /* ONTSignature.m */; };
		707C4718226EBF4700C3B2B4 /* ONTAttribute.m in Sources */ = {isa = PBXBuildFile; fileRef = 707C4658226EBF4700C3B2B4 /* ONTAttribute.m */; };
		707C4719226EBF4700C3B2B4 /* bip39.c in Sources */ = {isa = PBXBuildFile; fileRef = 707C465C226EBF4700C3B2B4 /* bip39.c */; };
		707C471A226EBF4700C3B2B4 /* hmac.c in Sources */ = {isa = PBXBuildFile; fileRef = 707C465E226EBF4700C3B2B4 /* hmac.c */; };
		707C471B226EBF4700C3B2B4 /* sha2.c in Sources */ = {isa = PBXBuildFile; fileRef = 707C4660226EBF4700C3B2B4 /* sha2.c */; };
		707C471C226EBF4700C3B2B4 /* hasher.c in Sources */ = {isa = PBXBuildFile; fileRef = 707C4661226EBF4700C3B2B4 /* hasher.c */; };
		707C471D226EBF4700C3B2B4 /* rand.c in Sources */ = {isa = PBXBuildFile; fileRef = 707C4662226EBF4700C3B2B4 /* rand.c */; };
		707C471E226EBF4700C3B2B4 /* blake256.c in Sources */ = {isa = PBXBuildFile; fileRef = 707C4664226EBF4700C3B2B4 /* blake256.c */; };
		707C471F226EBF4700C3B2B4 /* IAGAesGcm.m in Sources */ = {isa = PBXBuildFile; fileRef = 707C4669226EBF4700C3B2B4 /* IAGAesGcm.m */; };
		707C4720226EBF4700C3B2B4 /* IAGGcmEndianness.m in Sources */ = {isa = PBXBuildFile; fileRef = 707C466E226EBF4700C3B2B4 /* IAGGcmEndianness.m */; };
		707C4721226EBF4700C3B2B4 /* IAGAesComponents.m in Sources */ = {isa = PBXBuildFile; fileRef = 707C4672226EBF4700C3B2B4 /* IAGAesComponents.m */; };
		707C4722226EBF4700C3B2B4 /* IAGGcmMathComponents.m in Sources */ = {isa = PBXBuildFile; fileRef = 707C4674226EBF4700C3B2B4 /* IAGGcmMathComponents.m */; };
		707C4723226EBF4700C3B2B4 /* IAGBitwiseComponents.m in Sources */ = {isa = PBXBuildFile; fileRef = 707C4675226EBF4700C3B2B4 /* IAGBitwiseComponents.m */; };
		707C4724226EBF4700C3B2B4 /* IAGError.m in Sources */ = {isa = PBXBuildFile; fileRef = 707C4676226EBF4700C3B2B4 /* IAGError.m */; };
		707C4725226EBF4700C3B2B4 /* IAGCipheredData.m in Sources */ = {isa = PBXBuildFile; fileRef = 707C4677226EBF4700C3B2B4 /* IAGCipheredData.m */; };
		707C4726226EBF4700C3B2B4 /* secp256k1.c in Sources */ = {isa = PBXBuildFile; fileRef = 707C467B226EBF4700C3B2B4 /* secp256k1.c */; };
		707C4727226EBF4700C3B2B4 /* bignum.c in Sources */ = {isa = PBXBuildFile; fileRef = 707C467F226EBF4700C3B2B4 /* bignum.c */; };
		707C4728226EBF4700C3B2B4 /* ripemd160.c in Sources */ = {isa = PBXBuildFile; fileRef = 707C4684226EBF4700C3B2B4 /* ripemd160.c */; };
		707C4729226EBF4700C3B2B4 /* uECC.c in Sources */ = {isa = PBXBuildFile; fileRef = 707C4685226EBF4700C3B2B4 /* uECC.c */; };
		707C472B226EBF4700C3B2B4 /* memzero.c in Sources */ = {isa = PBXBuildFile; fileRef = 707C4689226EBF4700C3B2B4 /* memzero.c */; };
		707C472C226EBF4700C3B2B4 /* secp256k1_zkp.c in Sources */ = {isa = PBXBuildFile; fileRef = 707C4696226EBF4700C3B2B4 /* secp256k1_zkp.c */; };
		707C472D226EBF4700C3B2B4 /* scrypt_sha256.c in Sources */ = {isa = PBXBuildFile; fileRef = 707C46B3226EBF4700C3B2B4 /* scrypt_sha256.c */; };
		707C472E226EBF4700C3B2B4 /* sha3.c in Sources */ = {isa = PBXBuildFile; fileRef = 707C46B4226EBF4700C3B2B4 /* sha3.c */; };
		707C472F226EBF4700C3B2B4 /* crypto_scrypt-nosse.c in Sources */ = {isa = PBXBuildFile; fileRef = 707C46B5226EBF4700C3B2B4 /* crypto_scrypt-nosse.c */; };
		707C4730226EBF4700C3B2B4 /* MBigNumber.m in Sources */ = {isa = PBXBuildFile; fileRef = 707C46B6226EBF4700C3B2B4 /* MBigNumber.m */; };
		707C4731226EBF4700C3B2B4 /* base58.c in Sources */ = {isa = PBXBuildFile; fileRef = 707C46B8226EBF4700C3B2B4 /* base58.c */; };
		707C4732226EBF4700C3B2B4 /* ecdsa.c in Sources */ = {isa = PBXBuildFile; fileRef = 707C46BA226EBF4700C3B2B4 /* ecdsa.c */; };
		707C4733226EBF4700C3B2B4 /* pbkdf2.c in Sources */ = {isa = PBXBuildFile; fileRef = 707C46BB226EBF4700C3B2B4 /* pbkdf2.c */; };
		707C4734226EBF4700C3B2B4 /* MnemonicCode.m in Sources */ = {isa = PBXBuildFile; fileRef = 707C46BE226EBF4700C3B2B4 /* MnemonicCode.m */; };
		707C4735226EBF4700C3B2B4 /* ECKey.m in Sources */ = {isa = PBXBuildFile; fileRef = 707C46C0226EBF4700C3B2B4 /* ECKey.m */; };
		707C4736226EBF4700C3B2B4 /* ChildNumber.m in Sources */ = {isa = PBXBuildFile; fileRef = 707C46C4226EBF4700C3B2B4 /* ChildNumber.m */; };
		707C4737226EBF4700C3B2B4 /* DeterministicKey.m in Sources */ = {isa = PBXBuildFile; fileRef = 707C46C5226EBF4700C3B2B4 /* DeterministicKey.m */; };
		707C4738226EBF4700C3B2B4 /* ECKeySignature.m in Sources */ = {isa = PBXBuildFile; fileRef = 707C46C6226EBF4700C3B2B4 /* ECKeySignature.m */; };
		707C4739226EBF4700C3B2B4 /* ONTIdentity.m in Sources */ = {isa = PBXBuildFile; fileRef = 707C46C9226EBF4700C3B2B4 /* ONTIdentity.m */; };
		707C473A226EBF4700C3B2B4 /* ONTInvokeCode.m in Sources */ = {isa = PBXBuildFile; fileRef = 707C46CE226EBF4700C3B2B4 /* ONTInvokeCode.m */; };
		707C473B226EBF4700C3B2B4 /* ONTMnemonicCode.m in Sources */ = {isa = PBXBuildFile; fileRef = 707C46D0226EBF4700C3B2B4 /* ONTMnemonicCode.m */; };
		707C473C226EBF4700C3B2B4 /* ONTAddress.m in Sources */ = {isa = PBXBuildFile; fileRef = 707C46D4226EBF4700C3B2B4 /* ONTAddress.m */; };
		707C473D226EBF4700C3B2B4 /* ONTScriptReader.m in Sources */ = {isa = PBXBuildFile; fileRef = 707C46D6226EBF4700C3B2B4 /* ONTScriptReader.m */; };
		707C473E226EBF4700C3B2B4 /* NSMutableData+ONTScriptBuilder.m in Sources */ = {isa = PBXBuildFile; fileRef = 707C46D7226EBF4700C3B2B4 /* NSMutableData+ONTScriptBuilder.m */; };
		707C473F226EBF4700C3B2B4 /* ONTBufferReader.m in Sources */ = {isa = PBXBuildFile; fileRef = 707C46DB226EBF4700C3B2B4 /* ONTBufferReader.m */; };
		707C4740226EBF4700C3B2B4 /* ONTECKey.m in Sources */ = {isa = PBXBuildFile; fileRef = 707C46DE226EBF4700C3B2B4 /* ONTECKey.m */; };
		707C4741226EBF4700C3B2B4 /* ONTDeterministicKey.m in Sources */ = {isa = PBXBuildFile; fileRef = 707C46DF226EBF4700C3B2B4 /* ONTDeterministicKey.m */; };
		707C4742226EBF4700C3B2B4 /* ONTPrivateKey.m in Sources */ = {isa = PBXBuildFile; fileRef = 707C46E2226EBF4700C3B2B4 /* ONTPrivateKey.m */; };
		707C4743226EBF4700C3B2B4 /* ONTPublicKey.m in Sources */ = {isa = PBXBuildFile; fileRef = 707C46E3226EBF4700C3B2B4 /* ONTPublicKey.m */; };
		707C4744226EBF4700C3B2B4 /* ONTNativeBuildParams.m in Sources */ = {isa = PBXBuildFile; fileRef = 707C46E7226EBF4700C3B2B4 /* ONTNativeBuildParams.m */; };
		707C4745226EBF4700C3B2B4 /* ONTInteger.m in Sources */ = {isa = PBXBuildFile; fileRef = 707C46EA226EBF4700C3B2B4 /* ONTInteger.m */; };
		707C4746226EBF4700C3B2B4 /* ONTStruct.m in Sources */ = {isa = PBXBuildFile; fileRef = 707C46EC226EBF4700C3B2B4 /* ONTStruct.m */; };
		707C4747226EBF4700C3B2B4 /* ONTBool.m in Sources */ = {isa = PBXBuildFile; fileRef = 707C46EE226EBF4700C3B2B4 /* ONTBool.m */; };
		707C4748226EBF4700C3B2B4 /* ONTDappInvokeConfig.m in Sources */ = {isa = PBXBuildFile; fileRef = 707C46EF226EBF4700C3B2B4 /* ONTDappInvokeConfig.m */; };
		707C4749226EBF4700C3B2B4 /* ONTLong.m in Sources */ = {isa = PBXBuildFile; fileRef = 707C46F1226EBF4700C3B2B4 /* ONTLong.m */; };
		707C474A226EBF4700C3B2B4 /* NeoVM.m in Sources */ = {isa = PBXBuildFile; fileRef = 707C46F6226EBF4700C3B2B4 /* NeoVM.m */; };
		707C474B226EBF4700C3B2B4 /* BuildParams.m in Sources */ = {isa = PBXBuildFile; fileRef = 707C46F7226EBF4700C3B2B4 /* BuildParams.m */; };
		707C474C226EBF4700C3B2B4 /* Oep4.m in Sources */ = {isa = PBXBuildFile; fileRef = 707C46F8226EBF4700C3B2B4 /* Oep4.m */; };
		707C474D226EBF4700C3B2B4 /* Parameter.m in Sources */ = {isa = PBXBuildFile; fileRef = 707C46F9226EBF4700C3B2B4 /* Parameter.m */; };
		707C474E226EBF4700C3B2B4 /* AbiFunction.m in Sources */ = {isa = PBXBuildFile; fileRef = 707C46FA226EBF4700C3B2B4 /* AbiFunction.m */; };
		707C474F226EBF4700C3B2B4 /* ONTTransactionNotifyInfo.m in Sources */ = {isa = PBXBuildFile; fileRef = 707C46FE226EBF4700C3B2B4 /* ONTTransactionNotifyInfo.m */; };
		707C4750226EBF4700C3B2B4 /* ONTAccount.m in Sources */ = {isa = PBXBuildFile; fileRef = 707C4702226EBF4700C3B2B4 /* ONTAccount.m */; };
		707C4751226EBF4700C3B2B4 /* NSData+Extend.m in Sources */ = {isa = PBXBuildFile; fileRef = 707C4706226EBF4700C3B2B4 /* NSData+Extend.m */; };
		707C4752226EBF4700C3B2B4 /* NSString+Base58.m in Sources */ = {isa = PBXBuildFile; fileRef = 707C4707226EBF4700C3B2B4 /* NSString+Base58.m */; };
		707C4753226EBF4700C3B2B4 /* NSData+Hash.m in Sources */ = {isa = PBXBuildFile; fileRef = 707C4708226EBF4700C3B2B4 /* NSData+Hash.m */; };
		707C4754226EBF4700C3B2B4 /* SHAHash.m in Sources */ = {isa = PBXBuildFile; fileRef = 707C470B226EBF4700C3B2B4 /* SHAHash.m */; };
		707C4755226EBF4700C3B2B4 /* NSMutableData+Extend.m in Sources */ = {isa = PBXBuildFile; fileRef = 707C470C226EBF4700C3B2B4 /* NSMutableData+Extend.m */; };
		70EA5AC522700EE600486863 /* UIAlertView+AFNetworking.m in Sources */ = {isa = PBXBuildFile; fileRef = 70EA5A9D22700EE600486863 /* UIAlertView+AFNetworking.m */; };
		70EA5AC622700EE600486863 /* UIProgressView+AFNetworking.m in Sources */ = {isa = PBXBuildFile; fileRef = 70EA5A9E22700EE600486863 /* UIProgressView+AFNetworking.m */; };
		70EA5AC722700EE600486863 /* UIRefreshControl+AFNetworking.m in Sources */ = {isa = PBXBuildFile; fileRef = 70EA5AA022700EE600486863 /* UIRefreshControl+AFNetworking.m */; };
		70EA5AC822700EE600486863 /* AFNetworkActivityIndicatorManager.m in Sources */ = {isa = PBXBuildFile; fileRef = 70EA5AA222700EE600486863 /* AFNetworkActivityIndicatorManager.m */; };
		70EA5AC922700EE600486863 /* UIImageView+AFNetworking.m in Sources */ = {isa = PBXBuildFile; fileRef = 70EA5AA822700EE600486863 /* UIImageView+AFNetworking.m */; };
		70EA5ACA22700EE600486863 /* UIButton+AFNetworking.m in Sources */ = {isa = PBXBuildFile; fileRef = 70EA5AAB22700EE600486863 /* UIButton+AFNetworking.m */; };
		70EA5ACB22700EE600486863 /* UIActivityIndicatorView+AFNetworking.m in Sources */ = {isa = PBXBuildFile; fileRef = 70EA5AAC22700EE600486863 /* UIActivityIndicatorView+AFNetworking.m */; };
		70EA5ACC22700EE600486863 /* UIWebView+AFNetworking.m in Sources */ = {isa = PBXBuildFile; fileRef = 70EA5AAD22700EE600486863 /* UIWebView+AFNetworking.m */; };
		70EA5ACD22700EE600486863 /* AFURLResponseSerialization.m in Sources */ = {isa = PBXBuildFile; fileRef = 70EA5AB722700EE600486863 /* AFURLResponseSerialization.m */; };
		70EA5ACE22700EE600486863 /* AFHTTPSessionManager.m in Sources */ = {isa = PBXBuildFile; fileRef = 70EA5AB822700EE600486863 /* AFHTTPSessionManager.m */; };
		70EA5ACF22700EE600486863 /* AFURLConnectionOperation.m in Sources */ = {isa = PBXBuildFile; fileRef = 70EA5AB922700EE600486863 /* AFURLConnectionOperation.m */; };
		70EA5AD022700EE600486863 /* AFURLSessionManager.m in Sources */ = {isa = PBXBuildFile; fileRef = 70EA5ABB22700EE600486863 /* AFURLSessionManager.m */; };
		70EA5AD122700EE600486863 /* AFHTTPRequestOperationManager.m in Sources */ = {isa = PBXBuildFile; fileRef = 70EA5ABC22700EE600486863 /* AFHTTPRequestOperationManager.m */; };
		70EA5AD222700EE600486863 /* AFURLRequestSerialization.m in Sources */ = {isa = PBXBuildFile; fileRef = 70EA5ABD22700EE600486863 /* AFURLRequestSerialization.m */; };
		70EA5AD322700EE600486863 /* AFHTTPRequestOperation.m in Sources */ = {isa = PBXBuildFile; fileRef = 70EA5ABE22700EE600486863 /* AFHTTPRequestOperation.m */; };
		70EA5AD422700EE600486863 /* AFNetworkReachabilityManager.m in Sources */ = {isa = PBXBuildFile; fileRef = 70EA5AC022700EE600486863 /* AFNetworkReachabilityManager.m */; };
		70EA5AD522700EE600486863 /* AFSecurityPolicy.m in Sources */ = {isa = PBXBuildFile; fileRef = 70EA5AC122700EE600486863 /* AFSecurityPolicy.m */; };
		731EB0AD20F8447000A1C4D0 /* AppDelegate.m in Sources */ = {isa = PBXBuildFile; fileRef = 731EB0AC20F8447000A1C4D0 /* AppDelegate.m */; };
		731EB0B020F8447000A1C4D0 /* ViewController.m in Sources */ = {isa = PBXBuildFile; fileRef = 731EB0AF20F8447000A1C4D0 /* ViewController.m */; };
		731EB0BB20F8447300A1C4D0 /* main.m in Sources */ = {isa = PBXBuildFile; fileRef = 731EB0BA20F8447300A1C4D0 /* main.m */; };
/* End PBXBuildFile section */

/* Begin PBXFileReference section */
		707C4643226EBF4700C3B2B4 /* ONTRestfulApi.h */ = {isa = PBXFileReference; fileEncoding = 4; lastKnownFileType = sourcecode.c.h; path = ONTRestfulApi.h; sourceTree = "<group>"; };
		707C4644226EBF4700C3B2B4 /* ONTRpcApi.h */ = {isa = PBXFileReference; fileEncoding = 4; lastKnownFileType = sourcecode.c.h; path = ONTRpcApi.h; sourceTree = "<group>"; };
		707C4645226EBF4700C3B2B4 /* ONTNetworkService.m */ = {isa = PBXFileReference; fileEncoding = 4; lastKnownFileType = sourcecode.c.objc; path = ONTNetworkService.m; sourceTree = "<group>"; };
		707C4646226EBF4700C3B2B4 /* ONTRestfulApi.m */ = {isa = PBXFileReference; fileEncoding = 4; lastKnownFileType = sourcecode.c.objc; path = ONTRestfulApi.m; sourceTree = "<group>"; };
		707C4647226EBF4700C3B2B4 /* ONTRpcApi.m */ = {isa = PBXFileReference; fileEncoding = 4; lastKnownFileType = sourcecode.c.objc; path = ONTRpcApi.m; sourceTree = "<group>"; };
		707C4649226EBF4700C3B2B4 /* ONTAFJSONRPCClient.h */ = {isa = PBXFileReference; fileEncoding = 4; lastKnownFileType = sourcecode.c.h; path = ONTAFJSONRPCClient.h; sourceTree = "<group>"; };
		707C464A226EBF4700C3B2B4 /* ONTAFJSONRPCClient.m */ = {isa = PBXFileReference; fileEncoding = 4; lastKnownFileType = sourcecode.c.objc; path = ONTAFJSONRPCClient.m; sourceTree = "<group>"; };
		707C464B226EBF4700C3B2B4 /* ONTNetworkService.h */ = {isa = PBXFileReference; fileEncoding = 4; lastKnownFileType = sourcecode.c.h; path = ONTNetworkService.h; sourceTree = "<group>"; };
		707C464D226EBF4700C3B2B4 /* ONTUtils.h */ = {isa = PBXFileReference; fileEncoding = 4; lastKnownFileType = sourcecode.c.h; path = ONTUtils.h; sourceTree = "<group>"; };
		707C464E226EBF4700C3B2B4 /* ONTUtils.m */ = {isa = PBXFileReference; fileEncoding = 4; lastKnownFileType = sourcecode.c.objc; path = ONTUtils.m; sourceTree = "<group>"; };
		707C4650226EBF4700C3B2B4 /* ONTBalance.h */ = {isa = PBXFileReference; fileEncoding = 4; lastKnownFileType = sourcecode.c.h; path = ONTBalance.h; sourceTree = "<group>"; };
		707C4651226EBF4700C3B2B4 /* ONTBalance.m */ = {isa = PBXFileReference; fileEncoding = 4; lastKnownFileType = sourcecode.c.objc; path = ONTBalance.m; sourceTree = "<group>"; };
		707C4653226EBF4700C3B2B4 /* neoutils.framework */ = {isa = PBXFileReference; lastKnownFileType = wrapper.framework; path = neoutils.framework; sourceTree = "<group>"; };
		707C4655226EBF4700C3B2B4 /* ONTAttribute.h */ = {isa = PBXFileReference; fileEncoding = 4; lastKnownFileType = sourcecode.c.h; path = ONTAttribute.h; sourceTree = "<group>"; };
		707C4656226EBF4700C3B2B4 /* ONTTransaction.m */ = {isa = PBXFileReference; fileEncoding = 4; lastKnownFileType = sourcecode.c.objc; path = ONTTransaction.m; sourceTree = "<group>"; };
		707C4657226EBF4700C3B2B4 /* ONTSignature.m */ = {isa = PBXFileReference; fileEncoding = 4; lastKnownFileType = sourcecode.c.objc; path = ONTSignature.m; sourceTree = "<group>"; };
		707C4658226EBF4700C3B2B4 /* ONTAttribute.m */ = {isa = PBXFileReference; fileEncoding = 4; lastKnownFileType = sourcecode.c.objc; path = ONTAttribute.m; sourceTree = "<group>"; };
		707C4659226EBF4700C3B2B4 /* ONTTransaction.h */ = {isa = PBXFileReference; fileEncoding = 4; lastKnownFileType = sourcecode.c.h; path = ONTTransaction.h; sourceTree = "<group>"; };
		707C465A226EBF4700C3B2B4 /* ONTSignature.h */ = {isa = PBXFileReference; fileEncoding = 4; lastKnownFileType = sourcecode.c.h; path = ONTSignature.h; sourceTree = "<group>"; };
		707C465C226EBF4700C3B2B4 /* bip39.c */ = {isa = PBXFileReference; fileEncoding = 4; lastKnownFileType = sourcecode.c.c; path = bip39.c; sourceTree = "<group>"; };
		707C465D226EBF4700C3B2B4 /* uECC.h */ = {isa = PBXFileReference; fileEncoding = 4; lastKnownFileType = sourcecode.c.h; path = uECC.h; sourceTree = "<group>"; };
		707C465E226EBF4700C3B2B4 /* hmac.c */ = {isa = PBXFileReference; fileEncoding = 4; lastKnownFileType = sourcecode.c.c; path = hmac.c; sourceTree = "<group>"; };
		707C465F226EBF4700C3B2B4 /* ripemd160.h */ = {isa = PBXFileReference; fileEncoding = 4; lastKnownFileType = sourcecode.c.h; path = ripemd160.h; sourceTree = "<group>"; };
		707C4660226EBF4700C3B2B4 /* sha2.c */ = {isa = PBXFileReference; fileEncoding = 4; lastKnownFileType = sourcecode.c.c; path = sha2.c; sourceTree = "<group>"; };
		707C4661226EBF4700C3B2B4 /* hasher.c */ = {isa = PBXFileReference; fileEncoding = 4; lastKnownFileType = sourcecode.c.c; path = hasher.c; sourceTree = "<group>"; };
		707C4662226EBF4700C3B2B4 /* rand.c */ = {isa = PBXFileReference; fileEncoding = 4; lastKnownFileType = sourcecode.c.c; path = rand.c; sourceTree = "<group>"; };
		707C4663226EBF4700C3B2B4 /* memzero.h */ = {isa = PBXFileReference; fileEncoding = 4; lastKnownFileType = sourcecode.c.h; path = memzero.h; sourceTree = "<group>"; };
		707C4664226EBF4700C3B2B4 /* blake256.c */ = {isa = PBXFileReference; fileEncoding = 4; lastKnownFileType = sourcecode.c.c; path = blake256.c; sourceTree = "<group>"; };
		707C4665226EBF4700C3B2B4 /* MBigNumber.h */ = {isa = PBXFileReference; fileEncoding = 4; lastKnownFileType = sourcecode.c.h; path = MBigNumber.h; sourceTree = "<group>"; };
		707C4666226EBF4700C3B2B4 /* base58.h */ = {isa = PBXFileReference; fileEncoding = 4; lastKnownFileType = sourcecode.c.h; path = base58.h; sourceTree = "<group>"; };
		707C4667226EBF4700C3B2B4 /* scrypt_sha256.h */ = {isa = PBXFileReference; fileEncoding = 4; lastKnownFileType = sourcecode.c.h; path = scrypt_sha256.h; sourceTree = "<group>"; };
		707C4669226EBF4700C3B2B4 /* IAGAesGcm.m */ = {isa = PBXFileReference; fileEncoding = 4; lastKnownFileType = sourcecode.c.objc; path = IAGAesGcm.m; sourceTree = "<group>"; };
		707C466A226EBF4700C3B2B4 /* IAGCipheredData.h */ = {isa = PBXFileReference; fileEncoding = 4; lastKnownFileType = sourcecode.c.h; path = IAGCipheredData.h; sourceTree = "<group>"; };
		707C466B226EBF4700C3B2B4 /* IAGError.h */ = {isa = PBXFileReference; fileEncoding = 4; lastKnownFileType = sourcecode.c.h; path = IAGError.h; sourceTree = "<group>"; };
		707C466D226EBF4700C3B2B4 /* IAGAesComponents.h */ = {isa = PBXFileReference; fileEncoding = 4; lastKnownFileType = sourcecode.c.h; path = IAGAesComponents.h; sourceTree = "<group>"; };
		707C466E226EBF4700C3B2B4 /* IAGGcmEndianness.m */ = {isa = PBXFileReference; fileEncoding = 4; lastKnownFileType = sourcecode.c.objc; path = IAGGcmEndianness.m; sourceTree = "<group>"; };
		707C466F226EBF4700C3B2B4 /* IAGTypes.h */ = {isa = PBXFileReference; fileEncoding = 4; lastKnownFileType = sourcecode.c.h; path = IAGTypes.h; sourceTree = "<group>"; };
		707C4670226EBF4700C3B2B4 /* IAGBitwiseComponents.h */ = {isa = PBXFileReference; fileEncoding = 4; lastKnownFileType = sourcecode.c.h; path = IAGBitwiseComponents.h; sourceTree = "<group>"; };
		707C4671226EBF4700C3B2B4 /* IAGGcmMathComponents.h */ = {isa = PBXFileReference; fileEncoding = 4; lastKnownFileType = sourcecode.c.h; path = IAGGcmMathComponents.h; sourceTree = "<group>"; };
		707C4672226EBF4700C3B2B4 /* IAGAesComponents.m */ = {isa = PBXFileReference; fileEncoding = 4; lastKnownFileType = sourcecode.c.objc; path = IAGAesComponents.m; sourceTree = "<group>"; };
		707C4673226EBF4700C3B2B4 /* IAGGcmEndianness.h */ = {isa = PBXFileReference; fileEncoding = 4; lastKnownFileType = sourcecode.c.h; path = IAGGcmEndianness.h; sourceTree = "<group>"; };
		707C4674226EBF4700C3B2B4 /* IAGGcmMathComponents.m */ = {isa = PBXFileReference; fileEncoding = 4; lastKnownFileType = sourcecode.c.objc; path = IAGGcmMathComponents.m; sourceTree = "<group>"; };
		707C4675226EBF4700C3B2B4 /* IAGBitwiseComponents.m */ = {isa = PBXFileReference; fileEncoding = 4; lastKnownFileType = sourcecode.c.objc; path = IAGBitwiseComponents.m; sourceTree = "<group>"; };
		707C4676226EBF4700C3B2B4 /* IAGError.m */ = {isa = PBXFileReference; fileEncoding = 4; lastKnownFileType = sourcecode.c.objc; path = IAGError.m; sourceTree = "<group>"; };
		707C4677226EBF4700C3B2B4 /* IAGCipheredData.m */ = {isa = PBXFileReference; fileEncoding = 4; lastKnownFileType = sourcecode.c.objc; path = IAGCipheredData.m; sourceTree = "<group>"; };
		707C4678226EBF4700C3B2B4 /* IAGAesGcm.h */ = {isa = PBXFileReference; fileEncoding = 4; lastKnownFileType = sourcecode.c.h; path = IAGAesGcm.h; sourceTree = "<group>"; };
		707C4679226EBF4700C3B2B4 /* sha3.h */ = {isa = PBXFileReference; fileEncoding = 4; lastKnownFileType = sourcecode.c.h; path = sha3.h; sourceTree = "<group>"; };
		707C467A226EBF4700C3B2B4 /* crypto_scrypt.h */ = {isa = PBXFileReference; fileEncoding = 4; lastKnownFileType = sourcecode.c.h; path = crypto_scrypt.h; sourceTree = "<group>"; };
		707C467B226EBF4700C3B2B4 /* secp256k1.c */ = {isa = PBXFileReference; fileEncoding = 4; lastKnownFileType = sourcecode.c.c; path = secp256k1.c; sourceTree = "<group>"; };
		707C467C226EBF4700C3B2B4 /* ecdsa.h */ = {isa = PBXFileReference; fileEncoding = 4; lastKnownFileType = sourcecode.c.h; path = ecdsa.h; sourceTree = "<group>"; };
		707C467D226EBF4700C3B2B4 /* pbkdf2.h */ = {isa = PBXFileReference; fileEncoding = 4; lastKnownFileType = sourcecode.c.h; path = pbkdf2.h; sourceTree = "<group>"; };
		707C467E226EBF4700C3B2B4 /* sysendian.h */ = {isa = PBXFileReference; fileEncoding = 4; lastKnownFileType = sourcecode.c.h; path = sysendian.h; sourceTree = "<group>"; };
		707C467F226EBF4700C3B2B4 /* bignum.c */ = {isa = PBXFileReference; fileEncoding = 4; lastKnownFileType = sourcecode.c.c; path = bignum.c; sourceTree = "<group>"; };
		707C4680226EBF4700C3B2B4 /* options.h */ = {isa = PBXFileReference; fileEncoding = 4; lastKnownFileType = sourcecode.c.h; path = options.h; sourceTree = "<group>"; };
		707C4681226EBF4700C3B2B4 /* bip39_english.h */ = {isa = PBXFileReference; fileEncoding = 4; lastKnownFileType = sourcecode.c.h; path = bip39_english.h; sourceTree = "<group>"; };
		707C4682226EBF4700C3B2B4 /* hasher.h */ = {isa = PBXFileReference; fileEncoding = 4; lastKnownFileType = sourcecode.c.h; path = hasher.h; sourceTree = "<group>"; };
		707C4683226EBF4700C3B2B4 /* sha2.h */ = {isa = PBXFileReference; fileEncoding = 4; lastKnownFileType = sourcecode.c.h; path = sha2.h; sourceTree = "<group>"; };
		707C4684226EBF4700C3B2B4 /* ripemd160.c */ = {isa = PBXFileReference; fileEncoding = 4; lastKnownFileType = sourcecode.c.c; path = ripemd160.c; sourceTree = "<group>"; };
		707C4685226EBF4700C3B2B4 /* uECC.c */ = {isa = PBXFileReference; fileEncoding = 4; lastKnownFileType = sourcecode.c.c; path = uECC.c; sourceTree = "<group>"; };
		707C4686226EBF4700C3B2B4 /* hmac.h */ = {isa = PBXFileReference; fileEncoding = 4; lastKnownFileType = sourcecode.c.h; path = hmac.h; sourceTree = "<group>"; };
		707C4687226EBF4700C3B2B4 /* secp256k1.table */ = {isa = PBXFileReference; fileEncoding = 4; lastKnownFileType = text; path = secp256k1.table; sourceTree = "<group>"; };
		707C4688226EBF4700C3B2B4 /* bip39.h */ = {isa = PBXFileReference; fileEncoding = 4; lastKnownFileType = sourcecode.c.h; path = bip39.h; sourceTree = "<group>"; };
		707C4689226EBF4700C3B2B4 /* memzero.c */ = {isa = PBXFileReference; fileEncoding = 4; lastKnownFileType = sourcecode.c.c; path = memzero.c; sourceTree = "<group>"; };
		707C468A226EBF4700C3B2B4 /* rand.h */ = {isa = PBXFileReference; fileEncoding = 4; lastKnownFileType = sourcecode.c.h; path = rand.h; sourceTree = "<group>"; };
		707C468C226EBF4700C3B2B4 /* libsecp256k1-config.h */ = {isa = PBXFileReference; fileEncoding = 4; lastKnownFileType = sourcecode.c.h; path = "libsecp256k1-config.h"; sourceTree = "<group>"; };
		707C468D226EBF4700C3B2B4 /* scalar_impl.h */ = {isa = PBXFileReference; fileEncoding = 4; lastKnownFileType = sourcecode.c.h; path = scalar_impl.h; sourceTree = "<group>"; };
		707C468E226EBF4700C3B2B4 /* rangeproof_impl.h */ = {isa = PBXFileReference; fileEncoding = 4; lastKnownFileType = sourcecode.c.h; path = rangeproof_impl.h; sourceTree = "<group>"; };
		707C468F226EBF4700C3B2B4 /* field_10x26_impl.h */ = {isa = PBXFileReference; fileEncoding = 4; lastKnownFileType = sourcecode.c.h; path = field_10x26_impl.h; sourceTree = "<group>"; };
		707C4690226EBF4700C3B2B4 /* borromean_impl.h */ = {isa = PBXFileReference; fileEncoding = 4; lastKnownFileType = sourcecode.c.h; path = borromean_impl.h; sourceTree = "<group>"; };
		707C4691226EBF4700C3B2B4 /* ecmult_gen_impl.h */ = {isa = PBXFileReference; fileEncoding = 4; lastKnownFileType = sourcecode.c.h; path = ecmult_gen_impl.h; sourceTree = "<group>"; };
		707C4692226EBF4700C3B2B4 /* field_10x26.h */ = {isa = PBXFileReference; fileEncoding = 4; lastKnownFileType = sourcecode.c.h; path = field_10x26.h; sourceTree = "<group>"; };
		707C4693226EBF4700C3B2B4 /* scalar_8x32_impl.h */ = {isa = PBXFileReference; fileEncoding = 4; lastKnownFileType = sourcecode.c.h; path = scalar_8x32_impl.h; sourceTree = "<group>"; };
		707C4694226EBF4700C3B2B4 /* field_5x52.h */ = {isa = PBXFileReference; fileEncoding = 4; lastKnownFileType = sourcecode.c.h; path = field_5x52.h; sourceTree = "<group>"; };
		707C4695226EBF4700C3B2B4 /* num_impl.h */ = {isa = PBXFileReference; fileEncoding = 4; lastKnownFileType = sourcecode.c.h; path = num_impl.h; sourceTree = "<group>"; };
		707C4696226EBF4700C3B2B4 /* secp256k1_zkp.c */ = {isa = PBXFileReference; fileEncoding = 4; lastKnownFileType = sourcecode.c.c; path = secp256k1_zkp.c; sourceTree = "<group>"; };
		707C4697226EBF4700C3B2B4 /* ecdsa_zkp.h */ = {isa = PBXFileReference; fileEncoding = 4; lastKnownFileType = sourcecode.c.h; path = ecdsa_zkp.h; sourceTree = "<group>"; };
		707C4698226EBF4700C3B2B4 /* field.h */ = {isa = PBXFileReference; fileEncoding = 4; lastKnownFileType = sourcecode.c.h; path = field.h; sourceTree = "<group>"; };
		707C4699226EBF4700C3B2B4 /* bench.h */ = {isa = PBXFileReference; fileEncoding = 4; lastKnownFileType = sourcecode.c.h; path = bench.h; sourceTree = "<group>"; };
		707C469A226EBF4700C3B2B4 /* ecdh_impl.h */ = {isa = PBXFileReference; fileEncoding = 4; lastKnownFileType = sourcecode.c.h; path = ecdh_impl.h; sourceTree = "<group>"; };
		707C469B226EBF4700C3B2B4 /* field_impl.h */ = {isa = PBXFileReference; fileEncoding = 4; lastKnownFileType = sourcecode.c.h; path = field_impl.h; sourceTree = "<group>"; };
		707C469C226EBF4700C3B2B4 /* num.h */ = {isa = PBXFileReference; fileEncoding = 4; lastKnownFileType = sourcecode.c.h; path = num.h; sourceTree = "<group>"; };
		707C469D226EBF4700C3B2B4 /* field_5x52_impl.h */ = {isa = PBXFileReference; fileEncoding = 4; lastKnownFileType = sourcecode.c.h; path = field_5x52_impl.h; sourceTree = "<group>"; };
		707C469E226EBF4700C3B2B4 /* scalar.h */ = {isa = PBXFileReference; fileEncoding = 4; lastKnownFileType = sourcecode.c.h; path = scalar.h; sourceTree = "<group>"; };
		707C469F226EBF4700C3B2B4 /* ecdsa_impl.h */ = {isa = PBXFileReference; fileEncoding = 4; lastKnownFileType = sourcecode.c.h; path = ecdsa_impl.h; sourceTree = "<group>"; };
		707C46A0226EBF4700C3B2B4 /* ecmult_gen.h */ = {isa = PBXFileReference; fileEncoding = 4; lastKnownFileType = sourcecode.c.h; path = ecmult_gen.h; sourceTree = "<group>"; };
		707C46A1226EBF4700C3B2B4 /* eckey_zkp.h */ = {isa = PBXFileReference; fileEncoding = 4; lastKnownFileType = sourcecode.c.h; path = eckey_zkp.h; sourceTree = "<group>"; };
		707C46A2226EBF4700C3B2B4 /* hash_impl.h */ = {isa = PBXFileReference; fileEncoding = 4; lastKnownFileType = sourcecode.c.h; path = hash_impl.h; sourceTree = "<group>"; };
		707C46A3226EBF4700C3B2B4 /* ecmult.h */ = {isa = PBXFileReference; fileEncoding = 4; lastKnownFileType = sourcecode.c.h; path = ecmult.h; sourceTree = "<group>"; };
		707C46A4226EBF4700C3B2B4 /* ecmult_impl.h */ = {isa = PBXFileReference; fileEncoding = 4; lastKnownFileType = sourcecode.c.h; path = ecmult_impl.h; sourceTree = "<group>"; };
		707C46A5226EBF4700C3B2B4 /* group.h */ = {isa = PBXFileReference; fileEncoding = 4; lastKnownFileType = sourcecode.c.h; path = group.h; sourceTree = "<group>"; };
		707C46A6226EBF4700C3B2B4 /* rangeproof.h */ = {isa = PBXFileReference; fileEncoding = 4; lastKnownFileType = sourcecode.c.h; path = rangeproof.h; sourceTree = "<group>"; };
		707C46A7226EBF4700C3B2B4 /* util.h */ = {isa = PBXFileReference; fileEncoding = 4; lastKnownFileType = sourcecode.c.h; path = util.h; sourceTree = "<group>"; };
		707C46A8226EBF4700C3B2B4 /* ecdh.h */ = {isa = PBXFileReference; fileEncoding = 4; lastKnownFileType = sourcecode.c.h; path = ecdh.h; sourceTree = "<group>"; };
		707C46A9226EBF4700C3B2B4 /* field_5x52_int128_impl.h */ = {isa = PBXFileReference; fileEncoding = 4; lastKnownFileType = sourcecode.c.h; path = field_5x52_int128_impl.h; sourceTree = "<group>"; };
		707C46AA226EBF4700C3B2B4 /* borromean.h */ = {isa = PBXFileReference; fileEncoding = 4; lastKnownFileType = sourcecode.c.h; path = borromean.h; sourceTree = "<group>"; };
		707C46AB226EBF4700C3B2B4 /* group_impl.h */ = {isa = PBXFileReference; fileEncoding = 4; lastKnownFileType = sourcecode.c.h; path = group_impl.h; sourceTree = "<group>"; };
		707C46AC226EBF4700C3B2B4 /* num_gmp.h */ = {isa = PBXFileReference; fileEncoding = 4; lastKnownFileType = sourcecode.c.h; path = num_gmp.h; sourceTree = "<group>"; };
		707C46AD226EBF4700C3B2B4 /* secp256k1_zkp.h */ = {isa = PBXFileReference; fileEncoding = 4; lastKnownFileType = sourcecode.c.h; path = secp256k1_zkp.h; sourceTree = "<group>"; };
		707C46AE226EBF4700C3B2B4 /* hash.h */ = {isa = PBXFileReference; fileEncoding = 4; lastKnownFileType = sourcecode.c.h; path = hash.h; sourceTree = "<group>"; };
		707C46AF226EBF4700C3B2B4 /* eckey_impl.h */ = {isa = PBXFileReference; fileEncoding = 4; lastKnownFileType = sourcecode.c.h; path = eckey_impl.h; sourceTree = "<group>"; };
		707C46B0226EBF4700C3B2B4 /* num_gmp_impl.h */ = {isa = PBXFileReference; fileEncoding = 4; lastKnownFileType = sourcecode.c.h; path = num_gmp_impl.h; sourceTree = "<group>"; };
		707C46B1226EBF4700C3B2B4 /* scalar_8x32.h */ = {isa = PBXFileReference; fileEncoding = 4; lastKnownFileType = sourcecode.c.h; path = scalar_8x32.h; sourceTree = "<group>"; };
		707C46B2226EBF4700C3B2B4 /* rfc6979.h */ = {isa = PBXFileReference; fileEncoding = 4; lastKnownFileType = sourcecode.c.h; path = rfc6979.h; sourceTree = "<group>"; };
		707C46B3226EBF4700C3B2B4 /* scrypt_sha256.c */ = {isa = PBXFileReference; fileEncoding = 4; lastKnownFileType = sourcecode.c.c; path = scrypt_sha256.c; sourceTree = "<group>"; };
		707C46B4226EBF4700C3B2B4 /* sha3.c */ = {isa = PBXFileReference; fileEncoding = 4; lastKnownFileType = sourcecode.c.c; path = sha3.c; sourceTree = "<group>"; };
		707C46B5226EBF4700C3B2B4 /* crypto_scrypt-nosse.c */ = {isa = PBXFileReference; fileEncoding = 4; lastKnownFileType = sourcecode.c.c; path = "crypto_scrypt-nosse.c"; sourceTree = "<group>"; };
		707C46B6226EBF4700C3B2B4 /* MBigNumber.m */ = {isa = PBXFileReference; fileEncoding = 4; lastKnownFileType = sourcecode.c.objc; path = MBigNumber.m; sourceTree = "<group>"; };
		707C46B7226EBF4700C3B2B4 /* blake256.h */ = {isa = PBXFileReference; fileEncoding = 4; lastKnownFileType = sourcecode.c.h; path = blake256.h; sourceTree = "<group>"; };
		707C46B8226EBF4700C3B2B4 /* base58.c */ = {isa = PBXFileReference; fileEncoding = 4; lastKnownFileType = sourcecode.c.c; path = base58.c; sourceTree = "<group>"; };
		707C46B9226EBF4700C3B2B4 /* bignum.h */ = {isa = PBXFileReference; fileEncoding = 4; lastKnownFileType = sourcecode.c.h; path = bignum.h; sourceTree = "<group>"; };
		707C46BA226EBF4700C3B2B4 /* ecdsa.c */ = {isa = PBXFileReference; fileEncoding = 4; lastKnownFileType = sourcecode.c.c; path = ecdsa.c; sourceTree = "<group>"; };
		707C46BB226EBF4700C3B2B4 /* pbkdf2.c */ = {isa = PBXFileReference; fileEncoding = 4; lastKnownFileType = sourcecode.c.c; path = pbkdf2.c; sourceTree = "<group>"; };
		707C46BC226EBF4700C3B2B4 /* secp256k1.h */ = {isa = PBXFileReference; fileEncoding = 4; lastKnownFileType = sourcecode.c.h; path = secp256k1.h; sourceTree = "<group>"; };
		707C46BE226EBF4700C3B2B4 /* MnemonicCode.m */ = {isa = PBXFileReference; fileEncoding = 4; lastKnownFileType = sourcecode.c.objc; path = MnemonicCode.m; sourceTree = "<group>"; };
		707C46BF226EBF4700C3B2B4 /* ChildNumber.h */ = {isa = PBXFileReference; fileEncoding = 4; lastKnownFileType = sourcecode.c.h; path = ChildNumber.h; sourceTree = "<group>"; };
		707C46C0226EBF4700C3B2B4 /* ECKey.m */ = {isa = PBXFileReference; fileEncoding = 4; lastKnownFileType = sourcecode.c.objc; path = ECKey.m; sourceTree = "<group>"; };
		707C46C1226EBF4700C3B2B4 /* ECKeySignature.h */ = {isa = PBXFileReference; fileEncoding = 4; lastKnownFileType = sourcecode.c.h; path = ECKeySignature.h; sourceTree = "<group>"; };
		707C46C2226EBF4700C3B2B4 /* DeterministicKey.h */ = {isa = PBXFileReference; fileEncoding = 4; lastKnownFileType = sourcecode.c.h; path = DeterministicKey.h; sourceTree = "<group>"; };
		707C46C3226EBF4700C3B2B4 /* MnemonicCode.h */ = {isa = PBXFileReference; fileEncoding = 4; lastKnownFileType = sourcecode.c.h; path = MnemonicCode.h; sourceTree = "<group>"; };
		707C46C4226EBF4700C3B2B4 /* ChildNumber.m */ = {isa = PBXFileReference; fileEncoding = 4; lastKnownFileType = sourcecode.c.objc; path = ChildNumber.m; sourceTree = "<group>"; };
		707C46C5226EBF4700C3B2B4 /* DeterministicKey.m */ = {isa = PBXFileReference; fileEncoding = 4; lastKnownFileType = sourcecode.c.objc; path = DeterministicKey.m; sourceTree = "<group>"; };
		707C46C6226EBF4700C3B2B4 /* ECKeySignature.m */ = {isa = PBXFileReference; fileEncoding = 4; lastKnownFileType = sourcecode.c.objc; path = ECKeySignature.m; sourceTree = "<group>"; };
		707C46C7226EBF4700C3B2B4 /* ECKey.h */ = {isa = PBXFileReference; fileEncoding = 4; lastKnownFileType = sourcecode.c.h; path = ECKey.h; sourceTree = "<group>"; };
		707C46C9226EBF4700C3B2B4 /* ONTIdentity.m */ = {isa = PBXFileReference; fileEncoding = 4; lastKnownFileType = sourcecode.c.objc; path = ONTIdentity.m; sourceTree = "<group>"; };
		707C46CA226EBF4700C3B2B4 /* ONTIdentity.h */ = {isa = PBXFileReference; fileEncoding = 4; lastKnownFileType = sourcecode.c.h; path = ONTIdentity.h; sourceTree = "<group>"; };
		707C46CB226EBF4700C3B2B4 /* ONT.h */ = {isa = PBXFileReference; fileEncoding = 4; lastKnownFileType = sourcecode.c.h; path = ONT.h; sourceTree = "<group>"; };
		707C46CD226EBF4700C3B2B4 /* ONTInvokeCode.h */ = {isa = PBXFileReference; fileEncoding = 4; lastKnownFileType = sourcecode.c.h; path = ONTInvokeCode.h; sourceTree = "<group>"; };
		707C46CE226EBF4700C3B2B4 /* ONTInvokeCode.m */ = {isa = PBXFileReference; fileEncoding = 4; lastKnownFileType = sourcecode.c.objc; path = ONTInvokeCode.m; sourceTree = "<group>"; };
		707C46D0226EBF4700C3B2B4 /* ONTMnemonicCode.m */ = {isa = PBXFileReference; fileEncoding = 4; lastKnownFileType = sourcecode.c.objc; path = ONTMnemonicCode.m; sourceTree = "<group>"; };
		707C46D1226EBF4700C3B2B4 /* ONTMnemonicCode.h */ = {isa = PBXFileReference; fileEncoding = 4; lastKnownFileType = sourcecode.c.h; path = ONTMnemonicCode.h; sourceTree = "<group>"; };
		707C46D3226EBF4700C3B2B4 /* ONTAddress.h */ = {isa = PBXFileReference; fileEncoding = 4; lastKnownFileType = sourcecode.c.h; path = ONTAddress.h; sourceTree = "<group>"; };
		707C46D4226EBF4700C3B2B4 /* ONTAddress.m */ = {isa = PBXFileReference; fileEncoding = 4; lastKnownFileType = sourcecode.c.objc; path = ONTAddress.m; sourceTree = "<group>"; };
		707C46D6226EBF4700C3B2B4 /* ONTScriptReader.m */ = {isa = PBXFileReference; fileEncoding = 4; lastKnownFileType = sourcecode.c.objc; path = ONTScriptReader.m; sourceTree = "<group>"; };
		707C46D7226EBF4700C3B2B4 /* NSMutableData+ONTScriptBuilder.m */ = {isa = PBXFileReference; fileEncoding = 4; lastKnownFileType = sourcecode.c.objc; path = "NSMutableData+ONTScriptBuilder.m"; sourceTree = "<group>"; };
		707C46D8226EBF4700C3B2B4 /* ONTBufferReader.h */ = {isa = PBXFileReference; fileEncoding = 4; lastKnownFileType = sourcecode.c.h; path = ONTBufferReader.h; sourceTree = "<group>"; };
		707C46D9226EBF4700C3B2B4 /* ONTScriptReader.h */ = {isa = PBXFileReference; fileEncoding = 4; lastKnownFileType = sourcecode.c.h; path = ONTScriptReader.h; sourceTree = "<group>"; };
		707C46DA226EBF4700C3B2B4 /* NSMutableData+ONTScriptBuilder.h */ = {isa = PBXFileReference; fileEncoding = 4; lastKnownFileType = sourcecode.c.h; path = "NSMutableData+ONTScriptBuilder.h"; sourceTree = "<group>"; };
		707C46DB226EBF4700C3B2B4 /* ONTBufferReader.m */ = {isa = PBXFileReference; fileEncoding = 4; lastKnownFileType = sourcecode.c.objc; path = ONTBufferReader.m; sourceTree = "<group>"; };
		707C46DD226EBF4700C3B2B4 /* ONTDeterministicKey.h */ = {isa = PBXFileReference; fileEncoding = 4; lastKnownFileType = sourcecode.c.h; path = ONTDeterministicKey.h; sourceTree = "<group>"; };
		707C46DE226EBF4700C3B2B4 /* ONTECKey.m */ = {isa = PBXFileReference; fileEncoding = 4; lastKnownFileType = sourcecode.c.objc; path = ONTECKey.m; sourceTree = "<group>"; };
		707C46DF226EBF4700C3B2B4 /* ONTDeterministicKey.m */ = {isa = PBXFileReference; fileEncoding = 4; lastKnownFileType = sourcecode.c.objc; path = ONTDeterministicKey.m; sourceTree = "<group>"; };
		707C46E0226EBF4700C3B2B4 /* ONTECKey.h */ = {isa = PBXFileReference; fileEncoding = 4; lastKnownFileType = sourcecode.c.h; path = ONTECKey.h; sourceTree = "<group>"; };
		707C46E2226EBF4700C3B2B4 /* ONTPrivateKey.m */ = {isa = PBXFileReference; fileEncoding = 4; lastKnownFileType = sourcecode.c.objc; path = ONTPrivateKey.m; sourceTree = "<group>"; };
		707C46E3226EBF4700C3B2B4 /* ONTPublicKey.m */ = {isa = PBXFileReference; fileEncoding = 4; lastKnownFileType = sourcecode.c.objc; path = ONTPublicKey.m; sourceTree = "<group>"; };
		707C46E4226EBF4700C3B2B4 /* ONTPrivateKey.h */ = {isa = PBXFileReference; fileEncoding = 4; lastKnownFileType = sourcecode.c.h; path = ONTPrivateKey.h; sourceTree = "<group>"; };
		707C46E5226EBF4700C3B2B4 /* ONTPublicKey.h */ = {isa = PBXFileReference; fileEncoding = 4; lastKnownFileType = sourcecode.c.h; path = ONTPublicKey.h; sourceTree = "<group>"; };
		707C46E7226EBF4700C3B2B4 /* ONTNativeBuildParams.m */ = {isa = PBXFileReference; fileEncoding = 4; lastKnownFileType = sourcecode.c.objc; path = ONTNativeBuildParams.m; sourceTree = "<group>"; };
		707C46E8226EBF4700C3B2B4 /* ONTDappInvokeConfig.h */ = {isa = PBXFileReference; fileEncoding = 4; lastKnownFileType = sourcecode.c.h; path = ONTDappInvokeConfig.h; sourceTree = "<group>"; };
		707C46E9226EBF4700C3B2B4 /* ONTBool.h */ = {isa = PBXFileReference; fileEncoding = 4; lastKnownFileType = sourcecode.c.h; path = ONTBool.h; sourceTree = "<group>"; };
		707C46EA226EBF4700C3B2B4 /* ONTInteger.m */ = {isa = PBXFileReference; fileEncoding = 4; lastKnownFileType = sourcecode.c.objc; path = ONTInteger.m; sourceTree = "<group>"; };
		707C46EB226EBF4700C3B2B4 /* ONTLong.h */ = {isa = PBXFileReference; fileEncoding = 4; lastKnownFileType = sourcecode.c.h; path = ONTLong.h; sourceTree = "<group>"; };
		707C46EC226EBF4700C3B2B4 /* ONTStruct.m */ = {isa = PBXFileReference; fileEncoding = 4; lastKnownFileType = sourcecode.c.objc; path = ONTStruct.m; sourceTree = "<group>"; };
		707C46ED226EBF4700C3B2B4 /* ONTTransactionNotifyInfo.h */ = {isa = PBXFileReference; fileEncoding = 4; lastKnownFileType = sourcecode.c.h; path = ONTTransactionNotifyInfo.h; sourceTree = "<group>"; };
		707C46EE226EBF4700C3B2B4 /* ONTBool.m */ = {isa = PBXFileReference; fileEncoding = 4; lastKnownFileType = sourcecode.c.objc; path = ONTBool.m; sourceTree = "<group>"; };
		707C46EF226EBF4700C3B2B4 /* ONTDappInvokeConfig.m */ = {isa = PBXFileReference; fileEncoding = 4; lastKnownFileType = sourcecode.c.objc; path = ONTDappInvokeConfig.m; sourceTree = "<group>"; };
		707C46F0226EBF4700C3B2B4 /* ONTNativeBuildParams.h */ = {isa = PBXFileReference; fileEncoding = 4; lastKnownFileType = sourcecode.c.h; path = ONTNativeBuildParams.h; sourceTree = "<group>"; };
		707C46F1226EBF4700C3B2B4 /* ONTLong.m */ = {isa = PBXFileReference; fileEncoding = 4; lastKnownFileType = sourcecode.c.objc; path = ONTLong.m; sourceTree = "<group>"; };
		707C46F2226EBF4700C3B2B4 /* ONTInteger.h */ = {isa = PBXFileReference; fileEncoding = 4; lastKnownFileType = sourcecode.c.h; path = ONTInteger.h; sourceTree = "<group>"; };
		707C46F4226EBF4700C3B2B4 /* AbiFunction.h */ = {isa = PBXFileReference; fileEncoding = 4; lastKnownFileType = sourcecode.c.h; path = AbiFunction.h; sourceTree = "<group>"; };
		707C46F5226EBF4700C3B2B4 /* Parameter.h */ = {isa = PBXFileReference; fileEncoding = 4; lastKnownFileType = sourcecode.c.h; path = Parameter.h; sourceTree = "<group>"; };
		707C46F6226EBF4700C3B2B4 /* NeoVM.m */ = {isa = PBXFileReference; fileEncoding = 4; lastKnownFileType = sourcecode.c.objc; path = NeoVM.m; sourceTree = "<group>"; };
		707C46F7226EBF4700C3B2B4 /* BuildParams.m */ = {isa = PBXFileReference; fileEncoding = 4; lastKnownFileType = sourcecode.c.objc; path = BuildParams.m; sourceTree = "<group>"; };
		707C46F8226EBF4700C3B2B4 /* Oep4.m */ = {isa = PBXFileReference; fileEncoding = 4; lastKnownFileType = sourcecode.c.objc; path = Oep4.m; sourceTree = "<group>"; };
		707C46F9226EBF4700C3B2B4 /* Parameter.m */ = {isa = PBXFileReference; fileEncoding = 4; lastKnownFileType = sourcecode.c.objc; path = Parameter.m; sourceTree = "<group>"; };
		707C46FA226EBF4700C3B2B4 /* AbiFunction.m */ = {isa = PBXFileReference; fileEncoding = 4; lastKnownFileType = sourcecode.c.objc; path = AbiFunction.m; sourceTree = "<group>"; };
		707C46FB226EBF4700C3B2B4 /* NeoVM.h */ = {isa = PBXFileReference; fileEncoding = 4; lastKnownFileType = sourcecode.c.h; path = NeoVM.h; sourceTree = "<group>"; };
		707C46FC226EBF4700C3B2B4 /* Oep4.h */ = {isa = PBXFileReference; fileEncoding = 4; lastKnownFileType = sourcecode.c.h; path = Oep4.h; sourceTree = "<group>"; };
		707C46FD226EBF4700C3B2B4 /* BuildParams.h */ = {isa = PBXFileReference; fileEncoding = 4; lastKnownFileType = sourcecode.c.h; path = BuildParams.h; sourceTree = "<group>"; };
		707C46FE226EBF4700C3B2B4 /* ONTTransactionNotifyInfo.m */ = {isa = PBXFileReference; fileEncoding = 4; lastKnownFileType = sourcecode.c.objc; path = ONTTransactionNotifyInfo.m; sourceTree = "<group>"; };
		707C46FF226EBF4700C3B2B4 /* ONTStruct.h */ = {isa = PBXFileReference; fileEncoding = 4; lastKnownFileType = sourcecode.c.h; path = ONTStruct.h; sourceTree = "<group>"; };
		707C4701226EBF4700C3B2B4 /* ONTAccount.h */ = {isa = PBXFileReference; fileEncoding = 4; lastKnownFileType = sourcecode.c.h; path = ONTAccount.h; sourceTree = "<group>"; };
		707C4702226EBF4700C3B2B4 /* ONTAccount.m */ = {isa = PBXFileReference; fileEncoding = 4; lastKnownFileType = sourcecode.c.objc; path = ONTAccount.m; sourceTree = "<group>"; };
		707C4704226EBF4700C3B2B4 /* NSMutableData+Extend.h */ = {isa = PBXFileReference; fileEncoding = 4; lastKnownFileType = sourcecode.c.h; path = "NSMutableData+Extend.h"; sourceTree = "<group>"; };
		707C4705226EBF4700C3B2B4 /* SHAHash.h */ = {isa = PBXFileReference; fileEncoding = 4; lastKnownFileType = sourcecode.c.h; path = SHAHash.h; sourceTree = "<group>"; };
		707C4706226EBF4700C3B2B4 /* NSData+Extend.m */ = {isa = PBXFileReference; fileEncoding = 4; lastKnownFileType = sourcecode.c.objc; path = "NSData+Extend.m"; sourceTree = "<group>"; };
		707C4707226EBF4700C3B2B4 /* NSString+Base58.m */ = {isa = PBXFileReference; fileEncoding = 4; lastKnownFileType = sourcecode.c.objc; path = "NSString+Base58.m"; sourceTree = "<group>"; };
		707C4708226EBF4700C3B2B4 /* NSData+Hash.m */ = {isa = PBXFileReference; fileEncoding = 4; lastKnownFileType = sourcecode.c.objc; path = "NSData+Hash.m"; sourceTree = "<group>"; };
		707C4709226EBF4700C3B2B4 /* Categories.h */ = {isa = PBXFileReference; fileEncoding = 4; lastKnownFileType = sourcecode.c.h; path = Categories.h; sourceTree = "<group>"; };
		707C470A226EBF4700C3B2B4 /* NSData+Extend.h */ = {isa = PBXFileReference; fileEncoding = 4; lastKnownFileType = sourcecode.c.h; path = "NSData+Extend.h"; sourceTree = "<group>"; };
		707C470B226EBF4700C3B2B4 /* SHAHash.m */ = {isa = PBXFileReference; fileEncoding = 4; lastKnownFileType = sourcecode.c.objc; path = SHAHash.m; sourceTree = "<group>"; };
		707C470C226EBF4700C3B2B4 /* NSMutableData+Extend.m */ = {isa = PBXFileReference; fileEncoding = 4; lastKnownFileType = sourcecode.c.objc; path = "NSMutableData+Extend.m"; sourceTree = "<group>"; };
		707C470D226EBF4700C3B2B4 /* NSData+Hash.h */ = {isa = PBXFileReference; fileEncoding = 4; lastKnownFileType = sourcecode.c.h; path = "NSData+Hash.h"; sourceTree = "<group>"; };
		707C470E226EBF4700C3B2B4 /* NSString+Base58.h */ = {isa = PBXFileReference; fileEncoding = 4; lastKnownFileType = sourcecode.c.h; path = "NSString+Base58.h"; sourceTree = "<group>"; };
		70EA5A9A22700EE600486863 /* LICENSE */ = {isa = PBXFileReference; fileEncoding = 4; lastKnownFileType = text; path = LICENSE; sourceTree = "<group>"; };
		70EA5A9B22700EE600486863 /* README.md */ = {isa = PBXFileReference; fileEncoding = 4; lastKnownFileType = net.daringfireball.markdown; path = README.md; sourceTree = "<group>"; };
		70EA5A9D22700EE600486863 /* UIAlertView+AFNetworking.m */ = {isa = PBXFileReference; fileEncoding = 4; lastKnownFileType = sourcecode.c.objc; path = "UIAlertView+AFNetworking.m"; sourceTree = "<group>"; };
		70EA5A9E22700EE600486863 /* UIProgressView+AFNetworking.m */ = {isa = PBXFileReference; fileEncoding = 4; lastKnownFileType = sourcecode.c.objc; path = "UIProgressView+AFNetworking.m"; sourceTree = "<group>"; };
		70EA5A9F22700EE600486863 /* UIButton+AFNetworking.h */ = {isa = PBXFileReference; fileEncoding = 4; lastKnownFileType = sourcecode.c.h; path = "UIButton+AFNetworking.h"; sourceTree = "<group>"; };
		70EA5AA022700EE600486863 /* UIRefreshControl+AFNetworking.m */ = {isa = PBXFileReference; fileEncoding = 4; lastKnownFileType = sourcecode.c.objc; path = "UIRefreshControl+AFNetworking.m"; sourceTree = "<group>"; };
		70EA5AA122700EE600486863 /* UIImageView+AFNetworking.h */ = {isa = PBXFileReference; fileEncoding = 4; lastKnownFileType = sourcecode.c.h; path = "UIImageView+AFNetworking.h"; sourceTree = "<group>"; };
		70EA5AA222700EE600486863 /* AFNetworkActivityIndicatorManager.m */ = {isa = PBXFileReference; fileEncoding = 4; lastKnownFileType = sourcecode.c.objc; path = AFNetworkActivityIndicatorManager.m; sourceTree = "<group>"; };
		70EA5AA322700EE600486863 /* UIWebView+AFNetworking.h */ = {isa = PBXFileReference; fileEncoding = 4; lastKnownFileType = sourcecode.c.h; path = "UIWebView+AFNetworking.h"; sourceTree = "<group>"; };
		70EA5AA422700EE600486863 /* UIActivityIndicatorView+AFNetworking.h */ = {isa = PBXFileReference; fileEncoding = 4; lastKnownFileType = sourcecode.c.h; path = "UIActivityIndicatorView+AFNetworking.h"; sourceTree = "<group>"; };
		70EA5AA522700EE600486863 /* UIAlertView+AFNetworking.h */ = {isa = PBXFileReference; fileEncoding = 4; lastKnownFileType = sourcecode.c.h; path = "UIAlertView+AFNetworking.h"; sourceTree = "<group>"; };
		70EA5AA622700EE600486863 /* UIImage+AFNetworking.h */ = {isa = PBXFileReference; fileEncoding = 4; lastKnownFileType = sourcecode.c.h; path = "UIImage+AFNetworking.h"; sourceTree = "<group>"; };
		70EA5AA722700EE600486863 /* UIProgressView+AFNetworking.h */ = {isa = PBXFileReference; fileEncoding = 4; lastKnownFileType = sourcecode.c.h; path = "UIProgressView+AFNetworking.h"; sourceTree = "<group>"; };
		70EA5AA822700EE600486863 /* UIImageView+AFNetworking.m */ = {isa = PBXFileReference; fileEncoding = 4; lastKnownFileType = sourcecode.c.objc; path = "UIImageView+AFNetworking.m"; sourceTree = "<group>"; };
		70EA5AA922700EE600486863 /* UIKit+AFNetworking.h */ = {isa = PBXFileReference; fileEncoding = 4; lastKnownFileType = sourcecode.c.h; path = "UIKit+AFNetworking.h"; sourceTree = "<group>"; };
		70EA5AAA22700EE600486863 /* UIRefreshControl+AFNetworking.h */ = {isa = PBXFileReference; fileEncoding = 4; lastKnownFileType = sourcecode.c.h; path = "UIRefreshControl+AFNetworking.h"; sourceTree = "<group>"; };
		70EA5AAB22700EE600486863 /* UIButton+AFNetworking.m */ = {isa = PBXFileReference; fileEncoding = 4; lastKnownFileType = sourcecode.c.objc; path = "UIButton+AFNetworking.m"; sourceTree = "<group>"; };
		70EA5AAC22700EE600486863 /* UIActivityIndicatorView+AFNetworking.m */ = {isa = PBXFileReference; fileEncoding = 4; lastKnownFileType = sourcecode.c.objc; path = "UIActivityIndicatorView+AFNetworking.m"; sourceTree = "<group>"; };
		70EA5AAD22700EE600486863 /* UIWebView+AFNetworking.m */ = {isa = PBXFileReference; fileEncoding = 4; lastKnownFileType = sourcecode.c.objc; path = "UIWebView+AFNetworking.m"; sourceTree = "<group>"; };
		70EA5AAE22700EE600486863 /* AFNetworkActivityIndicatorManager.h */ = {isa = PBXFileReference; fileEncoding = 4; lastKnownFileType = sourcecode.c.h; path = AFNetworkActivityIndicatorManager.h; sourceTree = "<group>"; };
		70EA5AB022700EE600486863 /* AFSecurityPolicy.h */ = {isa = PBXFileReference; fileEncoding = 4; lastKnownFileType = sourcecode.c.h; path = AFSecurityPolicy.h; sourceTree = "<group>"; };
		70EA5AB122700EE600486863 /* AFNetworkReachabilityManager.h */ = {isa = PBXFileReference; fileEncoding = 4; lastKnownFileType = sourcecode.c.h; path = AFNetworkReachabilityManager.h; sourceTree = "<group>"; };
		70EA5AB222700EE600486863 /* AFHTTPRequestOperation.h */ = {isa = PBXFileReference; fileEncoding = 4; lastKnownFileType = sourcecode.c.h; path = AFHTTPRequestOperation.h; sourceTree = "<group>"; };
		70EA5AB322700EE600486863 /* AFHTTPRequestOperationManager.h */ = {isa = PBXFileReference; fileEncoding = 4; lastKnownFileType = sourcecode.c.h; path = AFHTTPRequestOperationManager.h; sourceTree = "<group>"; };
		70EA5AB422700EE600486863 /* AFURLSessionManager.h */ = {isa = PBXFileReference; fileEncoding = 4; lastKnownFileType = sourcecode.c.h; path = AFURLSessionManager.h; sourceTree = "<group>"; };
		70EA5AB522700EE600486863 /* AFURLRequestSerialization.h */ = {isa = PBXFileReference; fileEncoding = 4; lastKnownFileType = sourcecode.c.h; path = AFURLRequestSerialization.h; sourceTree = "<group>"; };
		70EA5AB622700EE600486863 /* AFURLConnectionOperation.h */ = {isa = PBXFileReference; fileEncoding = 4; lastKnownFileType = sourcecode.c.h; path = AFURLConnectionOperation.h; sourceTree = "<group>"; };
		70EA5AB722700EE600486863 /* AFURLResponseSerialization.m */ = {isa = PBXFileReference; fileEncoding = 4; lastKnownFileType = sourcecode.c.objc; path = AFURLResponseSerialization.m; sourceTree = "<group>"; };
		70EA5AB822700EE600486863 /* AFHTTPSessionManager.m */ = {isa = PBXFileReference; fileEncoding = 4; lastKnownFileType = sourcecode.c.objc; path = AFHTTPSessionManager.m; sourceTree = "<group>"; };
		70EA5AB922700EE600486863 /* AFURLConnectionOperation.m */ = {isa = PBXFileReference; fileEncoding = 4; lastKnownFileType = sourcecode.c.objc; path = AFURLConnectionOperation.m; sourceTree = "<group>"; };
		70EA5ABA22700EE600486863 /* AFURLResponseSerialization.h */ = {isa = PBXFileReference; fileEncoding = 4; lastKnownFileType = sourcecode.c.h; path = AFURLResponseSerialization.h; sourceTree = "<group>"; };
		70EA5ABB22700EE600486863 /* AFURLSessionManager.m */ = {isa = PBXFileReference; fileEncoding = 4; lastKnownFileType = sourcecode.c.objc; path = AFURLSessionManager.m; sourceTree = "<group>"; };
		70EA5ABC22700EE600486863 /* AFHTTPRequestOperationManager.m */ = {isa = PBXFileReference; fileEncoding = 4; lastKnownFileType = sourcecode.c.objc; path = AFHTTPRequestOperationManager.m; sourceTree = "<group>"; };
		70EA5ABD22700EE600486863 /* AFURLRequestSerialization.m */ = {isa = PBXFileReference; fileEncoding = 4; lastKnownFileType = sourcecode.c.objc; path = AFURLRequestSerialization.m; sourceTree = "<group>"; };
		70EA5ABE22700EE600486863 /* AFHTTPRequestOperation.m */ = {isa = PBXFileReference; fileEncoding = 4; lastKnownFileType = sourcecode.c.objc; path = AFHTTPRequestOperation.m; sourceTree = "<group>"; };
		70EA5ABF22700EE600486863 /* AFNetworking.h */ = {isa = PBXFileReference; fileEncoding = 4; lastKnownFileType = sourcecode.c.h; path = AFNetworking.h; sourceTree = "<group>"; };
		70EA5AC022700EE600486863 /* AFNetworkReachabilityManager.m */ = {isa = PBXFileReference; fileEncoding = 4; lastKnownFileType = sourcecode.c.objc; path = AFNetworkReachabilityManager.m; sourceTree = "<group>"; };
		70EA5AC122700EE600486863 /* AFSecurityPolicy.m */ = {isa = PBXFileReference; fileEncoding = 4; lastKnownFileType = sourcecode.c.objc; path = AFSecurityPolicy.m; sourceTree = "<group>"; };
		70EA5AC222700EE600486863 /* AFHTTPSessionManager.h */ = {isa = PBXFileReference; fileEncoding = 4; lastKnownFileType = sourcecode.c.h; path = AFHTTPSessionManager.h; sourceTree = "<group>"; };
		731EB0A820F8447000A1C4D0 /* ONTWallet.app */ = {isa = PBXFileReference; explicitFileType = wrapper.application; includeInIndex = 0; path = ONTWallet.app; sourceTree = BUILT_PRODUCTS_DIR; };
		731EB0AB20F8447000A1C4D0 /* AppDelegate.h */ = {isa = PBXFileReference; lastKnownFileType = sourcecode.c.h; path = AppDelegate.h; sourceTree = "<group>"; };
		731EB0AC20F8447000A1C4D0 /* AppDelegate.m */ = {isa = PBXFileReference; lastKnownFileType = sourcecode.c.objc; path = AppDelegate.m; sourceTree = "<group>"; };
		731EB0AE20F8447000A1C4D0 /* ViewController.h */ = {isa = PBXFileReference; lastKnownFileType = sourcecode.c.h; path = ViewController.h; sourceTree = "<group>"; };
		731EB0AF20F8447000A1C4D0 /* ViewController.m */ = {isa = PBXFileReference; lastKnownFileType = sourcecode.c.objc; path = ViewController.m; sourceTree = "<group>"; };
		731EB0B220F8447000A1C4D0 /* Base */ = {isa = PBXFileReference; lastKnownFileType = file.storyboard; name = Base; path = Base.lproj/Main.storyboard; sourceTree = "<group>"; };
		731EB0B420F8447300A1C4D0 /* Assets.xcassets */ = {isa = PBXFileReference; lastKnownFileType = folder.assetcatalog; path = Assets.xcassets; sourceTree = "<group>"; };
		731EB0B720F8447300A1C4D0 /* Base */ = {isa = PBXFileReference; lastKnownFileType = file.storyboard; name = Base; path = Base.lproj/LaunchScreen.storyboard; sourceTree = "<group>"; };
		731EB0B920F8447300A1C4D0 /* Info.plist */ = {isa = PBXFileReference; lastKnownFileType = text.plist.xml; path = Info.plist; sourceTree = "<group>"; };
		731EB0BA20F8447300A1C4D0 /* main.m */ = {isa = PBXFileReference; lastKnownFileType = sourcecode.c.objc; path = main.m; sourceTree = "<group>"; };
/* End PBXFileReference section */

/* Begin PBXFrameworksBuildPhase section */
		731EB0A520F8447000A1C4D0 /* Frameworks */ = {
			isa = PBXFrameworksBuildPhase;
			buildActionMask = 2147483647;
			files = (
				707C4715226EBF4700C3B2B4 /* neoutils.framework in Frameworks */,
			);
			runOnlyForDeploymentPostprocessing = 0;
		};
/* End PBXFrameworksBuildPhase section */

/* Begin PBXGroup section */
		707C4641226EBF4700C3B2B4 /* KGFONTSDK */ = {
			isa = PBXGroup;
			children = (
				707C4642226EBF4700C3B2B4 /* ONTAPI */,
				707C464C226EBF4700C3B2B4 /* ONTUtils */,
				707C464F226EBF4700C3B2B4 /* ONTModel */,
				707C4652226EBF4700C3B2B4 /* ONTCore */,
			);
			path = KGFONTSDK;
			sourceTree = SOURCE_ROOT;
		};
		707C4642226EBF4700C3B2B4 /* ONTAPI */ = {
			isa = PBXGroup;
			children = (
				707C4643226EBF4700C3B2B4 /* ONTRestfulApi.h */,
				707C4644226EBF4700C3B2B4 /* ONTRpcApi.h */,
				707C4645226EBF4700C3B2B4 /* ONTNetworkService.m */,
				707C4646226EBF4700C3B2B4 /* ONTRestfulApi.m */,
				707C4647226EBF4700C3B2B4 /* ONTRpcApi.m */,
				707C4648226EBF4700C3B2B4 /* ONTAFJSONRPCClient */,
				707C464B226EBF4700C3B2B4 /* ONTNetworkService.h */,
			);
			path = ONTAPI;
			sourceTree = "<group>";
		};
		707C4648226EBF4700C3B2B4 /* ONTAFJSONRPCClient */ = {
			isa = PBXGroup;
			children = (
				707C4649226EBF4700C3B2B4 /* ONTAFJSONRPCClient.h */,
				707C464A226EBF4700C3B2B4 /* ONTAFJSONRPCClient.m */,
			);
			path = ONTAFJSONRPCClient;
			sourceTree = "<group>";
		};
		707C464C226EBF4700C3B2B4 /* ONTUtils */ = {
			isa = PBXGroup;
			children = (
				707C464D226EBF4700C3B2B4 /* ONTUtils.h */,
				707C464E226EBF4700C3B2B4 /* ONTUtils.m */,
			);
			path = ONTUtils;
			sourceTree = "<group>";
		};
		707C464F226EBF4700C3B2B4 /* ONTModel */ = {
			isa = PBXGroup;
			children = (
				707C4650226EBF4700C3B2B4 /* ONTBalance.h */,
				707C4651226EBF4700C3B2B4 /* ONTBalance.m */,
			);
			path = ONTModel;
			sourceTree = "<group>";
		};
		707C4652226EBF4700C3B2B4 /* ONTCore */ = {
			isa = PBXGroup;
			children = (
				707C4653226EBF4700C3B2B4 /* neoutils.framework */,
				707C4654226EBF4700C3B2B4 /* Transaction */,
				707C465B226EBF4700C3B2B4 /* crypto */,
				707C46BD226EBF4700C3B2B4 /* Core */,
				707C46C8226EBF4700C3B2B4 /* Identity */,
				707C46CB226EBF4700C3B2B4 /* ONT.h */,
				707C46CC226EBF4700C3B2B4 /* Payload */,
				707C46CF226EBF4700C3B2B4 /* Mnemonic */,
				707C46D2226EBF4700C3B2B4 /* Address */,
				707C46D5226EBF4700C3B2B4 /* Scripts */,
				707C46DC226EBF4700C3B2B4 /* Keys */,
				707C46E1226EBF4700C3B2B4 /* KeyParis */,
				707C46E6226EBF4700C3B2B4 /* SmartContract */,
				707C4700226EBF4700C3B2B4 /* Account */,
				707C4703226EBF4700C3B2B4 /* Categories */,
			);
			path = ONTCore;
			sourceTree = "<group>";
		};
		707C4654226EBF4700C3B2B4 /* Transaction */ = {
			isa = PBXGroup;
			children = (
				707C4655226EBF4700C3B2B4 /* ONTAttribute.h */,
				707C4656226EBF4700C3B2B4 /* ONTTransaction.m */,
				707C4657226EBF4700C3B2B4 /* ONTSignature.m */,
				707C4658226EBF4700C3B2B4 /* ONTAttribute.m */,
				707C4659226EBF4700C3B2B4 /* ONTTransaction.h */,
				707C465A226EBF4700C3B2B4 /* ONTSignature.h */,
			);
			path = Transaction;
			sourceTree = "<group>";
		};
		707C465B226EBF4700C3B2B4 /* crypto */ = {
			isa = PBXGroup;
			children = (
				707C465C226EBF4700C3B2B4 /* bip39.c */,
				707C465D226EBF4700C3B2B4 /* uECC.h */,
				707C465E226EBF4700C3B2B4 /* hmac.c */,
				707C465F226EBF4700C3B2B4 /* ripemd160.h */,
				707C4660226EBF4700C3B2B4 /* sha2.c */,
				707C4661226EBF4700C3B2B4 /* hasher.c */,
				707C4662226EBF4700C3B2B4 /* rand.c */,
				707C4663226EBF4700C3B2B4 /* memzero.h */,
				707C4664226EBF4700C3B2B4 /* blake256.c */,
				707C4665226EBF4700C3B2B4 /* MBigNumber.h */,
				707C4666226EBF4700C3B2B4 /* base58.h */,
				707C4667226EBF4700C3B2B4 /* scrypt_sha256.h */,
				707C4668226EBF4700C3B2B4 /* AesGcm */,
				707C4679226EBF4700C3B2B4 /* sha3.h */,
				707C467A226EBF4700C3B2B4 /* crypto_scrypt.h */,
				707C467B226EBF4700C3B2B4 /* secp256k1.c */,
				707C467C226EBF4700C3B2B4 /* ecdsa.h */,
				707C467D226EBF4700C3B2B4 /* pbkdf2.h */,
				707C467E226EBF4700C3B2B4 /* sysendian.h */,
				707C467F226EBF4700C3B2B4 /* bignum.c */,
				707C4680226EBF4700C3B2B4 /* options.h */,
				707C4681226EBF4700C3B2B4 /* bip39_english.h */,
				707C4682226EBF4700C3B2B4 /* hasher.h */,
				707C4683226EBF4700C3B2B4 /* sha2.h */,
				707C4684226EBF4700C3B2B4 /* ripemd160.c */,
				707C4685226EBF4700C3B2B4 /* uECC.c */,
				707C4686226EBF4700C3B2B4 /* hmac.h */,
				707C4687226EBF4700C3B2B4 /* secp256k1.table */,
				707C4688226EBF4700C3B2B4 /* bip39.h */,
				707C4689226EBF4700C3B2B4 /* memzero.c */,
				707C468A226EBF4700C3B2B4 /* rand.h */,
				707C468B226EBF4700C3B2B4 /* secp256k1_zkp */,
				707C46B2226EBF4700C3B2B4 /* rfc6979.h */,
				707C46B3226EBF4700C3B2B4 /* scrypt_sha256.c */,
				707C46B4226EBF4700C3B2B4 /* sha3.c */,
				707C46B5226EBF4700C3B2B4 /* crypto_scrypt-nosse.c */,
				707C46B6226EBF4700C3B2B4 /* MBigNumber.m */,
				707C46B7226EBF4700C3B2B4 /* blake256.h */,
				707C46B8226EBF4700C3B2B4 /* base58.c */,
				707C46B9226EBF4700C3B2B4 /* bignum.h */,
				707C46BA226EBF4700C3B2B4 /* ecdsa.c */,
				707C46BB226EBF4700C3B2B4 /* pbkdf2.c */,
				707C46BC226EBF4700C3B2B4 /* secp256k1.h */,
			);
			path = crypto;
			sourceTree = "<group>";
		};
		707C4668226EBF4700C3B2B4 /* AesGcm */ = {
			isa = PBXGroup;
			children = (
				707C4669226EBF4700C3B2B4 /* IAGAesGcm.m */,
				707C466A226EBF4700C3B2B4 /* IAGCipheredData.h */,
				707C466B226EBF4700C3B2B4 /* IAGError.h */,
				707C466C226EBF4700C3B2B4 /* Components */,
				707C4676226EBF4700C3B2B4 /* IAGError.m */,
				707C4677226EBF4700C3B2B4 /* IAGCipheredData.m */,
				707C4678226EBF4700C3B2B4 /* IAGAesGcm.h */,
			);
			path = AesGcm;
			sourceTree = "<group>";
		};
		707C466C226EBF4700C3B2B4 /* Components */ = {
			isa = PBXGroup;
			children = (
				707C466D226EBF4700C3B2B4 /* IAGAesComponents.h */,
				707C466E226EBF4700C3B2B4 /* IAGGcmEndianness.m */,
				707C466F226EBF4700C3B2B4 /* IAGTypes.h */,
				707C4670226EBF4700C3B2B4 /* IAGBitwiseComponents.h */,
				707C4671226EBF4700C3B2B4 /* IAGGcmMathComponents.h */,
				707C4672226EBF4700C3B2B4 /* IAGAesComponents.m */,
				707C4673226EBF4700C3B2B4 /* IAGGcmEndianness.h */,
				707C4674226EBF4700C3B2B4 /* IAGGcmMathComponents.m */,
				707C4675226EBF4700C3B2B4 /* IAGBitwiseComponents.m */,
			);
			path = Components;
			sourceTree = "<group>";
		};
		707C468B226EBF4700C3B2B4 /* secp256k1_zkp */ = {
			isa = PBXGroup;
			children = (
				707C468C226EBF4700C3B2B4 /* libsecp256k1-config.h */,
				707C468D226EBF4700C3B2B4 /* scalar_impl.h */,
				707C468E226EBF4700C3B2B4 /* rangeproof_impl.h */,
				707C468F226EBF4700C3B2B4 /* field_10x26_impl.h */,
				707C4690226EBF4700C3B2B4 /* borromean_impl.h */,
				707C4691226EBF4700C3B2B4 /* ecmult_gen_impl.h */,
				707C4692226EBF4700C3B2B4 /* field_10x26.h */,
				707C4693226EBF4700C3B2B4 /* scalar_8x32_impl.h */,
				707C4694226EBF4700C3B2B4 /* field_5x52.h */,
				707C4695226EBF4700C3B2B4 /* num_impl.h */,
				707C4696226EBF4700C3B2B4 /* secp256k1_zkp.c */,
				707C4697226EBF4700C3B2B4 /* ecdsa_zkp.h */,
				707C4698226EBF4700C3B2B4 /* field.h */,
				707C4699226EBF4700C3B2B4 /* bench.h */,
				707C469A226EBF4700C3B2B4 /* ecdh_impl.h */,
				707C469B226EBF4700C3B2B4 /* field_impl.h */,
				707C469C226EBF4700C3B2B4 /* num.h */,
				707C469D226EBF4700C3B2B4 /* field_5x52_impl.h */,
				707C469E226EBF4700C3B2B4 /* scalar.h */,
				707C469F226EBF4700C3B2B4 /* ecdsa_impl.h */,
				707C46A0226EBF4700C3B2B4 /* ecmult_gen.h */,
				707C46A1226EBF4700C3B2B4 /* eckey_zkp.h */,
				707C46A2226EBF4700C3B2B4 /* hash_impl.h */,
				707C46A3226EBF4700C3B2B4 /* ecmult.h */,
				707C46A4226EBF4700C3B2B4 /* ecmult_impl.h */,
				707C46A5226EBF4700C3B2B4 /* group.h */,
				707C46A6226EBF4700C3B2B4 /* rangeproof.h */,
				707C46A7226EBF4700C3B2B4 /* util.h */,
				707C46A8226EBF4700C3B2B4 /* ecdh.h */,
				707C46A9226EBF4700C3B2B4 /* field_5x52_int128_impl.h */,
				707C46AA226EBF4700C3B2B4 /* borromean.h */,
				707C46AB226EBF4700C3B2B4 /* group_impl.h */,
				707C46AC226EBF4700C3B2B4 /* num_gmp.h */,
				707C46AD226EBF4700C3B2B4 /* secp256k1_zkp.h */,
				707C46AE226EBF4700C3B2B4 /* hash.h */,
				707C46AF226EBF4700C3B2B4 /* eckey_impl.h */,
				707C46B0226EBF4700C3B2B4 /* num_gmp_impl.h */,
				707C46B1226EBF4700C3B2B4 /* scalar_8x32.h */,
			);
			path = secp256k1_zkp;
			sourceTree = "<group>";
		};
		707C46BD226EBF4700C3B2B4 /* Core */ = {
			isa = PBXGroup;
			children = (
				707C46BE226EBF4700C3B2B4 /* MnemonicCode.m */,
				707C46BF226EBF4700C3B2B4 /* ChildNumber.h */,
				707C46C0226EBF4700C3B2B4 /* ECKey.m */,
				707C46C1226EBF4700C3B2B4 /* ECKeySignature.h */,
				707C46C2226EBF4700C3B2B4 /* DeterministicKey.h */,
				707C46C3226EBF4700C3B2B4 /* MnemonicCode.h */,
				707C46C4226EBF4700C3B2B4 /* ChildNumber.m */,
				707C46C5226EBF4700C3B2B4 /* DeterministicKey.m */,
				707C46C6226EBF4700C3B2B4 /* ECKeySignature.m */,
				707C46C7226EBF4700C3B2B4 /* ECKey.h */,
			);
			path = Core;
			sourceTree = "<group>";
		};
		707C46C8226EBF4700C3B2B4 /* Identity */ = {
			isa = PBXGroup;
			children = (
				707C46C9226EBF4700C3B2B4 /* ONTIdentity.m */,
				707C46CA226EBF4700C3B2B4 /* ONTIdentity.h */,
			);
			path = Identity;
			sourceTree = "<group>";
		};
		707C46CC226EBF4700C3B2B4 /* Payload */ = {
			isa = PBXGroup;
			children = (
				707C46CD226EBF4700C3B2B4 /* ONTInvokeCode.h */,
				707C46CE226EBF4700C3B2B4 /* ONTInvokeCode.m */,
			);
			path = Payload;
			sourceTree = "<group>";
		};
		707C46CF226EBF4700C3B2B4 /* Mnemonic */ = {
			isa = PBXGroup;
			children = (
				707C46D0226EBF4700C3B2B4 /* ONTMnemonicCode.m */,
				707C46D1226EBF4700C3B2B4 /* ONTMnemonicCode.h */,
			);
			path = Mnemonic;
			sourceTree = "<group>";
		};
		707C46D2226EBF4700C3B2B4 /* Address */ = {
			isa = PBXGroup;
			children = (
				707C46D3226EBF4700C3B2B4 /* ONTAddress.h */,
				707C46D4226EBF4700C3B2B4 /* ONTAddress.m */,
			);
			path = Address;
			sourceTree = "<group>";
		};
		707C46D5226EBF4700C3B2B4 /* Scripts */ = {
			isa = PBXGroup;
			children = (
				707C46D6226EBF4700C3B2B4 /* ONTScriptReader.m */,
				707C46D7226EBF4700C3B2B4 /* NSMutableData+ONTScriptBuilder.m */,
				707C46D8226EBF4700C3B2B4 /* ONTBufferReader.h */,
				707C46D9226EBF4700C3B2B4 /* ONTScriptReader.h */,
				707C46DA226EBF4700C3B2B4 /* NSMutableData+ONTScriptBuilder.h */,
				707C46DB226EBF4700C3B2B4 /* ONTBufferReader.m */,
			);
			path = Scripts;
			sourceTree = "<group>";
		};
		707C46DC226EBF4700C3B2B4 /* Keys */ = {
			isa = PBXGroup;
			children = (
				707C46DD226EBF4700C3B2B4 /* ONTDeterministicKey.h */,
				707C46DE226EBF4700C3B2B4 /* ONTECKey.m */,
				707C46DF226EBF4700C3B2B4 /* ONTDeterministicKey.m */,
				707C46E0226EBF4700C3B2B4 /* ONTECKey.h */,
			);
			path = Keys;
			sourceTree = "<group>";
		};
		707C46E1226EBF4700C3B2B4 /* KeyParis */ = {
			isa = PBXGroup;
			children = (
				707C46E2226EBF4700C3B2B4 /* ONTPrivateKey.m */,
				707C46E3226EBF4700C3B2B4 /* ONTPublicKey.m */,
				707C46E4226EBF4700C3B2B4 /* ONTPrivateKey.h */,
				707C46E5226EBF4700C3B2B4 /* ONTPublicKey.h */,
			);
			path = KeyParis;
			sourceTree = "<group>";
		};
		707C46E6226EBF4700C3B2B4 /* SmartContract */ = {
			isa = PBXGroup;
			children = (
				707C46E7226EBF4700C3B2B4 /* ONTNativeBuildParams.m */,
				707C46E8226EBF4700C3B2B4 /* ONTDappInvokeConfig.h */,
				707C46E9226EBF4700C3B2B4 /* ONTBool.h */,
				707C46EA226EBF4700C3B2B4 /* ONTInteger.m */,
				707C46EB226EBF4700C3B2B4 /* ONTLong.h */,
				707C46EC226EBF4700C3B2B4 /* ONTStruct.m */,
				707C46ED226EBF4700C3B2B4 /* ONTTransactionNotifyInfo.h */,
				707C46EE226EBF4700C3B2B4 /* ONTBool.m */,
				707C46EF226EBF4700C3B2B4 /* ONTDappInvokeConfig.m */,
				707C46F0226EBF4700C3B2B4 /* ONTNativeBuildParams.h */,
				707C46F1226EBF4700C3B2B4 /* ONTLong.m */,
				707C46F2226EBF4700C3B2B4 /* ONTInteger.h */,
				707C46F3226EBF4700C3B2B4 /* NeoVM */,
				707C46FE226EBF4700C3B2B4 /* ONTTransactionNotifyInfo.m */,
				707C46FF226EBF4700C3B2B4 /* ONTStruct.h */,
			);
			path = SmartContract;
			sourceTree = "<group>";
		};
		707C46F3226EBF4700C3B2B4 /* NeoVM */ = {
			isa = PBXGroup;
			children = (
				707C46F4226EBF4700C3B2B4 /* AbiFunction.h */,
				707C46F5226EBF4700C3B2B4 /* Parameter.h */,
				707C46F6226EBF4700C3B2B4 /* NeoVM.m */,
				707C46F7226EBF4700C3B2B4 /* BuildParams.m */,
				707C46F8226EBF4700C3B2B4 /* Oep4.m */,
				707C46F9226EBF4700C3B2B4 /* Parameter.m */,
				707C46FA226EBF4700C3B2B4 /* AbiFunction.m */,
				707C46FB226EBF4700C3B2B4 /* NeoVM.h */,
				707C46FC226EBF4700C3B2B4 /* Oep4.h */,
				707C46FD226EBF4700C3B2B4 /* BuildParams.h */,
			);
			path = NeoVM;
			sourceTree = "<group>";
		};
		707C4700226EBF4700C3B2B4 /* Account */ = {
			isa = PBXGroup;
			children = (
				707C4701226EBF4700C3B2B4 /* ONTAccount.h */,
				707C4702226EBF4700C3B2B4 /* ONTAccount.m */,
			);
			path = Account;
			sourceTree = "<group>";
		};
		707C4703226EBF4700C3B2B4 /* Categories */ = {
			isa = PBXGroup;
			children = (
				707C4704226EBF4700C3B2B4 /* NSMutableData+Extend.h */,
				707C4705226EBF4700C3B2B4 /* SHAHash.h */,
				707C4706226EBF4700C3B2B4 /* NSData+Extend.m */,
				707C4707226EBF4700C3B2B4 /* NSString+Base58.m */,
				707C4708226EBF4700C3B2B4 /* NSData+Hash.m */,
				707C4709226EBF4700C3B2B4 /* Categories.h */,
				707C470A226EBF4700C3B2B4 /* NSData+Extend.h */,
				707C470B226EBF4700C3B2B4 /* SHAHash.m */,
				707C470C226EBF4700C3B2B4 /* NSMutableData+Extend.m */,
				707C470D226EBF4700C3B2B4 /* NSData+Hash.h */,
				707C470E226EBF4700C3B2B4 /* NSString+Base58.h */,
			);
			path = Categories;
			sourceTree = "<group>";
		};
		70EA5A9922700EE600486863 /* AFNetworking */ = {
			isa = PBXGroup;
			children = (
				70EA5A9A22700EE600486863 /* LICENSE */,
				70EA5A9B22700EE600486863 /* README.md */,
				70EA5A9C22700EE600486863 /* UIKit+AFNetworking */,
				70EA5AAF22700EE600486863 /* AFNetworking */,
			);
			path = AFNetworking;
			sourceTree = "<group>";
		};
		70EA5A9C22700EE600486863 /* UIKit+AFNetworking */ = {
			isa = PBXGroup;
			children = (
				70EA5A9D22700EE600486863 /* UIAlertView+AFNetworking.m */,
				70EA5A9E22700EE600486863 /* UIProgressView+AFNetworking.m */,
				70EA5A9F22700EE600486863 /* UIButton+AFNetworking.h */,
				70EA5AA022700EE600486863 /* UIRefreshControl+AFNetworking.m */,
				70EA5AA122700EE600486863 /* UIImageView+AFNetworking.h */,
				70EA5AA222700EE600486863 /* AFNetworkActivityIndicatorManager.m */,
				70EA5AA322700EE600486863 /* UIWebView+AFNetworking.h */,
				70EA5AA422700EE600486863 /* UIActivityIndicatorView+AFNetworking.h */,
				70EA5AA522700EE600486863 /* UIAlertView+AFNetworking.h */,
				70EA5AA622700EE600486863 /* UIImage+AFNetworking.h */,
				70EA5AA722700EE600486863 /* UIProgressView+AFNetworking.h */,
				70EA5AA822700EE600486863 /* UIImageView+AFNetworking.m */,
				70EA5AA922700EE600486863 /* UIKit+AFNetworking.h */,
				70EA5AAA22700EE600486863 /* UIRefreshControl+AFNetworking.h */,
				70EA5AAB22700EE600486863 /* UIButton+AFNetworking.m */,
				70EA5AAC22700EE600486863 /* UIActivityIndicatorView+AFNetworking.m */,
				70EA5AAD22700EE600486863 /* UIWebView+AFNetworking.m */,
				70EA5AAE22700EE600486863 /* AFNetworkActivityIndicatorManager.h */,
			);
			path = "UIKit+AFNetworking";
			sourceTree = "<group>";
		};
		70EA5AAF22700EE600486863 /* AFNetworking */ = {
			isa = PBXGroup;
			children = (
				70EA5AB022700EE600486863 /* AFSecurityPolicy.h */,
				70EA5AB122700EE600486863 /* AFNetworkReachabilityManager.h */,
				70EA5AB222700EE600486863 /* AFHTTPRequestOperation.h */,
				70EA5AB322700EE600486863 /* AFHTTPRequestOperationManager.h */,
				70EA5AB422700EE600486863 /* AFURLSessionManager.h */,
				70EA5AB522700EE600486863 /* AFURLRequestSerialization.h */,
				70EA5AB622700EE600486863 /* AFURLConnectionOperation.h */,
				70EA5AB722700EE600486863 /* AFURLResponseSerialization.m */,
				70EA5AB822700EE600486863 /* AFHTTPSessionManager.m */,
				70EA5AB922700EE600486863 /* AFURLConnectionOperation.m */,
				70EA5ABA22700EE600486863 /* AFURLResponseSerialization.h */,
				70EA5ABB22700EE600486863 /* AFURLSessionManager.m */,
				70EA5ABC22700EE600486863 /* AFHTTPRequestOperationManager.m */,
				70EA5ABD22700EE600486863 /* AFURLRequestSerialization.m */,
				70EA5ABE22700EE600486863 /* AFHTTPRequestOperation.m */,
				70EA5ABF22700EE600486863 /* AFNetworking.h */,
				70EA5AC022700EE600486863 /* AFNetworkReachabilityManager.m */,
				70EA5AC122700EE600486863 /* AFSecurityPolicy.m */,
				70EA5AC222700EE600486863 /* AFHTTPSessionManager.h */,
			);
			path = AFNetworking;
			sourceTree = "<group>";
		};
		731EB09F20F8447000A1C4D0 = {
			isa = PBXGroup;
			children = (
				731EB0AA20F8447000A1C4D0 /* ONTWallet */,
				731EB0A920F8447000A1C4D0 /* Products */,
			);
			sourceTree = "<group>";
		};
		731EB0A920F8447000A1C4D0 /* Products */ = {
			isa = PBXGroup;
			children = (
				731EB0A820F8447000A1C4D0 /* ONTWallet.app */,
			);
			name = Products;
			sourceTree = "<group>";
		};
		731EB0AA20F8447000A1C4D0 /* ONTWallet */ = {
			isa = PBXGroup;
			children = (
				70EA5A9922700EE600486863 /* AFNetworking */,
				707C4641226EBF4700C3B2B4 /* KGFONTSDK */,
				731EB0AB20F8447000A1C4D0 /* AppDelegate.h */,
				731EB0AC20F8447000A1C4D0 /* AppDelegate.m */,
				731EB0AE20F8447000A1C4D0 /* ViewController.h */,
				731EB0AF20F8447000A1C4D0 /* ViewController.m */,
				731EB0B120F8447000A1C4D0 /* Main.storyboard */,
				731EB0B420F8447300A1C4D0 /* Assets.xcassets */,
				731EB0B620F8447300A1C4D0 /* LaunchScreen.storyboard */,
				731EB0B920F8447300A1C4D0 /* Info.plist */,
				731EB0BA20F8447300A1C4D0 /* main.m */,
			);
			path = ONTWallet;
			sourceTree = "<group>";
		};
/* End PBXGroup section */

/* Begin PBXNativeTarget section */
		731EB0A720F8447000A1C4D0 /* ONTWallet */ = {
			isa = PBXNativeTarget;
			buildConfigurationList = 731EB0D420F8447300A1C4D0 /* Build configuration list for PBXNativeTarget "ONTWallet" */;
			buildPhases = (
				731EB0A420F8447000A1C4D0 /* Sources */,
				731EB0A520F8447000A1C4D0 /* Frameworks */,
			);
			buildRules = (
			);
			dependencies = (
			);
			name = ONTWallet;
			productName = ONTWallet;
			productReference = 731EB0A820F8447000A1C4D0 /* ONTWallet.app */;
			productType = "com.apple.product-type.application";
		};
/* End PBXNativeTarget section */

/* Begin PBXProject section */
		731EB0A020F8447000A1C4D0 /* Project object */ = {
			isa = PBXProject;
			attributes = {
				LastUpgradeCheck = 0940;
				ORGANIZATIONNAME = zhangyutao;
				TargetAttributes = {
					731EB0A720F8447000A1C4D0 = {
						CreatedOnToolsVersion = 9.4.1;
					};
				};
			};
			buildConfigurationList = 731EB0A320F8447000A1C4D0 /* Build configuration list for PBXProject "ONTWallet" */;
			compatibilityVersion = "Xcode 9.3";
			developmentRegion = en;
			hasScannedForEncodings = 0;
			knownRegions = (
				en,
				Base,
			);
			mainGroup = 731EB09F20F8447000A1C4D0;
			productRefGroup = 731EB0A920F8447000A1C4D0 /* Products */;
			projectDirPath = "";
			projectRoot = "";
			targets = (
				731EB0A720F8447000A1C4D0 /* ONTWallet */,
			);
		};
/* End PBXProject section */

/* Begin PBXSourcesBuildPhase section */
		731EB0A420F8447000A1C4D0 /* Sources */ = {
			isa = PBXSourcesBuildPhase;
			buildActionMask = 2147483647;
			files = (
				707C4724226EBF4700C3B2B4 /* IAGError.m in Sources */,
				707C4746226EBF4700C3B2B4 /* ONTStruct.m in Sources */,
				707C472C226EBF4700C3B2B4 /* secp256k1_zkp.c in Sources */,
				731EB0B020F8447000A1C4D0 /* ViewController.m in Sources */,
				70EA5AC822700EE600486863 /* AFNetworkActivityIndicatorManager.m in Sources */,
				707C4734226EBF4700C3B2B4 /* MnemonicCode.m in Sources */,
				707C4730226EBF4700C3B2B4 /* MBigNumber.m in Sources */,
				707C4733226EBF4700C3B2B4 /* pbkdf2.c in Sources */,
				707C474D226EBF4700C3B2B4 /* Parameter.m in Sources */,
				70EA5AC522700EE600486863 /* UIAlertView+AFNetworking.m in Sources */,
				707C4741226EBF4700C3B2B4 /* ONTDeterministicKey.m in Sources */,
				707C4752226EBF4700C3B2B4 /* NSString+Base58.m in Sources */,
				707C474F226EBF4700C3B2B4 /* ONTTransactionNotifyInfo.m in Sources */,
				707C4712226EBF4700C3B2B4 /* ONTAFJSONRPCClient.m in Sources */,
				707C474E226EBF4700C3B2B4 /* AbiFunction.m in Sources */,
				707C4731226EBF4700C3B2B4 /* base58.c in Sources */,
				707C473A226EBF4700C3B2B4 /* ONTInvokeCode.m in Sources */,
				707C4744226EBF4700C3B2B4 /* ONTNativeBuildParams.m in Sources */,
				707C4723226EBF4700C3B2B4 /* IAGBitwiseComponents.m in Sources */,
				70EA5ACD22700EE600486863 /* AFURLResponseSerialization.m in Sources */,
				707C4729226EBF4700C3B2B4 /* uECC.c in Sources */,
				707C474A226EBF4700C3B2B4 /* NeoVM.m in Sources */,
				707C4728226EBF4700C3B2B4 /* ripemd160.c in Sources */,
				707C4732226EBF4700C3B2B4 /* ecdsa.c in Sources */,
				707C4751226EBF4700C3B2B4 /* NSData+Extend.m in Sources */,
				70EA5AD522700EE600486863 /* AFSecurityPolicy.m in Sources */,
				707C473C226EBF4700C3B2B4 /* ONTAddress.m in Sources */,
				707C472E226EBF4700C3B2B4 /* sha3.c in Sources */,
				707C4710226EBF4700C3B2B4 /* ONTRestfulApi.m in Sources */,
				731EB0BB20F8447300A1C4D0 /* main.m in Sources */,
				707C472F226EBF4700C3B2B4 /* crypto_scrypt-nosse.c in Sources */,
				707C471D226EBF4700C3B2B4 /* rand.c in Sources */,
				707C471C226EBF4700C3B2B4 /* hasher.c in Sources */,
				70EA5AD122700EE600486863 /* AFHTTPRequestOperationManager.m in Sources */,
				70EA5AC622700EE600486863 /* UIProgressView+AFNetworking.m in Sources */,
				707C4716226EBF4700C3B2B4 /* ONTTransaction.m in Sources */,
				707C4740226EBF4700C3B2B4 /* ONTECKey.m in Sources */,
				707C471B226EBF4700C3B2B4 /* sha2.c in Sources */,
				707C4737226EBF4700C3B2B4 /* DeterministicKey.m in Sources */,
				707C473B226EBF4700C3B2B4 /* ONTMnemonicCode.m in Sources */,
				707C4750226EBF4700C3B2B4 /* ONTAccount.m in Sources */,
				707C4727226EBF4700C3B2B4 /* bignum.c in Sources */,
				707C474B226EBF4700C3B2B4 /* BuildParams.m in Sources */,
				707C473E226EBF4700C3B2B4 /* NSMutableData+ONTScriptBuilder.m in Sources */,
				707C4714226EBF4700C3B2B4 /* ONTBalance.m in Sources */,
				707C4718226EBF4700C3B2B4 /* ONTAttribute.m in Sources */,
				707C4738226EBF4700C3B2B4 /* ECKeySignature.m in Sources */,
				70EA5AD022700EE600486863 /* AFURLSessionManager.m in Sources */,
				707C4736226EBF4700C3B2B4 /* ChildNumber.m in Sources */,
				707C4719226EBF4700C3B2B4 /* bip39.c in Sources */,
				707C4739226EBF4700C3B2B4 /* ONTIdentity.m in Sources */,
				707C4753226EBF4700C3B2B4 /* NSData+Hash.m in Sources */,
				70EA5AC722700EE600486863 /* UIRefreshControl+AFNetworking.m in Sources */,
				707C471A226EBF4700C3B2B4 /* hmac.c in Sources */,
				70EA5ACA22700EE600486863 /* UIButton+AFNetworking.m in Sources */,
				707C4726226EBF4700C3B2B4 /* secp256k1.c in Sources */,
				70EA5ACC22700EE600486863 /* UIWebView+AFNetworking.m in Sources */,
				707C4742226EBF4700C3B2B4 /* ONTPrivateKey.m in Sources */,
				707C4745226EBF4700C3B2B4 /* ONTInteger.m in Sources */,
				707C4755226EBF4700C3B2B4 /* NSMutableData+Extend.m in Sources */,
				707C4717226EBF4700C3B2B4 /* ONTSignature.m in Sources */,
				707C4735226EBF4700C3B2B4 /* ECKey.m in Sources */,
				707C4720226EBF4700C3B2B4 /* IAGGcmEndianness.m in Sources */,
				707C4725226EBF4700C3B2B4 /* IAGCipheredData.m in Sources */,
				707C473D226EBF4700C3B2B4 /* ONTScriptReader.m in Sources */,
				707C4749226EBF4700C3B2B4 /* ONTLong.m in Sources */,
				707C4754226EBF4700C3B2B4 /* SHAHash.m in Sources */,
				70EA5AD322700EE600486863 /* AFHTTPRequestOperation.m in Sources */,
				707C472B226EBF4700C3B2B4 /* memzero.c in Sources */,
				70EA5AD222700EE600486863 /* AFURLRequestSerialization.m in Sources */,
				707C471E226EBF4700C3B2B4 /* blake256.c in Sources */,
				707C4747226EBF4700C3B2B4 /* ONTBool.m in Sources */,
				707C4743226EBF4700C3B2B4 /* ONTPublicKey.m in Sources */,
				707C4748226EBF4700C3B2B4 /* ONTDappInvokeConfig.m in Sources */,
				707C470F226EBF4700C3B2B4 /* ONTNetworkService.m in Sources */,
				707C471F226EBF4700C3B2B4 /* IAGAesGcm.m in Sources */,
				707C4722226EBF4700C3B2B4 /* IAGGcmMathComponents.m in Sources */,
				707C474C226EBF4700C3B2B4 /* Oep4.m in Sources */,
				70EA5ACF22700EE600486863 /* AFURLConnectionOperation.m in Sources */,
				70EA5ACB22700EE600486863 /* UIActivityIndicatorView+AFNetworking.m in Sources */,
				707C4711226EBF4700C3B2B4 /* ONTRpcApi.m in Sources */,
				70EA5ACE22700EE600486863 /* AFHTTPSessionManager.m in Sources */,
				731EB0AD20F8447000A1C4D0 /* AppDelegate.m in Sources */,
				707C472D226EBF4700C3B2B4 /* scrypt_sha256.c in Sources */,
				707C4721226EBF4700C3B2B4 /* IAGAesComponents.m in Sources */,
				707C473F226EBF4700C3B2B4 /* ONTBufferReader.m in Sources */,
				70EA5AC922700EE600486863 /* UIImageView+AFNetworking.m in Sources */,
				70EA5AD422700EE600486863 /* AFNetworkReachabilityManager.m in Sources */,
				707C4713226EBF4700C3B2B4 /* ONTUtils.m in Sources */,
			);
			runOnlyForDeploymentPostprocessing = 0;
		};
/* End PBXSourcesBuildPhase section */

/* Begin PBXVariantGroup section */
		731EB0B120F8447000A1C4D0 /* Main.storyboard */ = {
			isa = PBXVariantGroup;
			children = (
				731EB0B220F8447000A1C4D0 /* Base */,
			);
			name = Main.storyboard;
			sourceTree = "<group>";
		};
		731EB0B620F8447300A1C4D0 /* LaunchScreen.storyboard */ = {
			isa = PBXVariantGroup;
			children = (
				731EB0B720F8447300A1C4D0 /* Base */,
			);
			name = LaunchScreen.storyboard;
			sourceTree = "<group>";
		};
/* End PBXVariantGroup section */

/* Begin XCBuildConfiguration section */
		731EB0D220F8447300A1C4D0 /* Debug */ = {
			isa = XCBuildConfiguration;
			buildSettings = {
				ALWAYS_SEARCH_USER_PATHS = NO;
				CLANG_ANALYZER_NONNULL = YES;
				CLANG_ANALYZER_NUMBER_OBJECT_CONVERSION = YES_AGGRESSIVE;
				CLANG_CXX_LANGUAGE_STANDARD = "gnu++14";
				CLANG_CXX_LIBRARY = "libc++";
				CLANG_ENABLE_MODULES = YES;
				CLANG_ENABLE_OBJC_ARC = YES;
				CLANG_ENABLE_OBJC_WEAK = YES;
				CLANG_WARN_BLOCK_CAPTURE_AUTORELEASING = YES;
				CLANG_WARN_BOOL_CONVERSION = YES;
				CLANG_WARN_COMMA = YES;
				CLANG_WARN_CONSTANT_CONVERSION = YES;
				CLANG_WARN_DEPRECATED_OBJC_IMPLEMENTATIONS = YES;
				CLANG_WARN_DIRECT_OBJC_ISA_USAGE = YES_ERROR;
				CLANG_WARN_DOCUMENTATION_COMMENTS = YES;
				CLANG_WARN_EMPTY_BODY = YES;
				CLANG_WARN_ENUM_CONVERSION = YES;
				CLANG_WARN_INFINITE_RECURSION = YES;
				CLANG_WARN_INT_CONVERSION = YES;
				CLANG_WARN_NON_LITERAL_NULL_CONVERSION = YES;
				CLANG_WARN_OBJC_IMPLICIT_RETAIN_SELF = YES;
				CLANG_WARN_OBJC_LITERAL_CONVERSION = YES;
				CLANG_WARN_OBJC_ROOT_CLASS = YES_ERROR;
				CLANG_WARN_RANGE_LOOP_ANALYSIS = YES;
				CLANG_WARN_STRICT_PROTOTYPES = YES;
				CLANG_WARN_SUSPICIOUS_MOVE = YES;
				CLANG_WARN_UNGUARDED_AVAILABILITY = YES_AGGRESSIVE;
				CLANG_WARN_UNREACHABLE_CODE = YES;
				CLANG_WARN__DUPLICATE_METHOD_MATCH = YES;
				CODE_SIGN_IDENTITY = "iPhone Developer";
				COPY_PHASE_STRIP = NO;
				DEBUG_INFORMATION_FORMAT = dwarf;
				ENABLE_STRICT_OBJC_MSGSEND = YES;
				ENABLE_TESTABILITY = YES;
				GCC_C_LANGUAGE_STANDARD = gnu11;
				GCC_DYNAMIC_NO_PIC = NO;
				GCC_NO_COMMON_BLOCKS = YES;
				GCC_OPTIMIZATION_LEVEL = 0;
				GCC_PREPROCESSOR_DEFINITIONS = (
					"DEBUG=1",
					"$(inherited)",
				);
				GCC_WARN_64_TO_32_BIT_CONVERSION = YES;
				GCC_WARN_ABOUT_RETURN_TYPE = YES_ERROR;
				GCC_WARN_UNDECLARED_SELECTOR = YES;
				GCC_WARN_UNINITIALIZED_AUTOS = YES_AGGRESSIVE;
				GCC_WARN_UNUSED_FUNCTION = YES;
				GCC_WARN_UNUSED_VARIABLE = YES;
				IPHONEOS_DEPLOYMENT_TARGET = 11.4;
				MTL_ENABLE_DEBUG_INFO = YES;
				ONLY_ACTIVE_ARCH = YES;
				SDKROOT = iphoneos;
			};
			name = Debug;
		};
		731EB0D320F8447300A1C4D0 /* Release */ = {
			isa = XCBuildConfiguration;
			buildSettings = {
				ALWAYS_SEARCH_USER_PATHS = NO;
				CLANG_ANALYZER_NONNULL = YES;
				CLANG_ANALYZER_NUMBER_OBJECT_CONVERSION = YES_AGGRESSIVE;
				CLANG_CXX_LANGUAGE_STANDARD = "gnu++14";
				CLANG_CXX_LIBRARY = "libc++";
				CLANG_ENABLE_MODULES = YES;
				CLANG_ENABLE_OBJC_ARC = YES;
				CLANG_ENABLE_OBJC_WEAK = YES;
				CLANG_WARN_BLOCK_CAPTURE_AUTORELEASING = YES;
				CLANG_WARN_BOOL_CONVERSION = YES;
				CLANG_WARN_COMMA = YES;
				CLANG_WARN_CONSTANT_CONVERSION = YES;
				CLANG_WARN_DEPRECATED_OBJC_IMPLEMENTATIONS = YES;
				CLANG_WARN_DIRECT_OBJC_ISA_USAGE = YES_ERROR;
				CLANG_WARN_DOCUMENTATION_COMMENTS = YES;
				CLANG_WARN_EMPTY_BODY = YES;
				CLANG_WARN_ENUM_CONVERSION = YES;
				CLANG_WARN_INFINITE_RECURSION = YES;
				CLANG_WARN_INT_CONVERSION = YES;
				CLANG_WARN_NON_LITERAL_NULL_CONVERSION = YES;
				CLANG_WARN_OBJC_IMPLICIT_RETAIN_SELF = YES;
				CLANG_WARN_OBJC_LITERAL_CONVERSION = YES;
				CLANG_WARN_OBJC_ROOT_CLASS = YES_ERROR;
				CLANG_WARN_RANGE_LOOP_ANALYSIS = YES;
				CLANG_WARN_STRICT_PROTOTYPES = YES;
				CLANG_WARN_SUSPICIOUS_MOVE = YES;
				CLANG_WARN_UNGUARDED_AVAILABILITY = YES_AGGRESSIVE;
				CLANG_WARN_UNREACHABLE_CODE = YES;
				CLANG_WARN__DUPLICATE_METHOD_MATCH = YES;
				CODE_SIGN_IDENTITY = "iPhone Developer";
				COPY_PHASE_STRIP = NO;
				DEBUG_INFORMATION_FORMAT = "dwarf-with-dsym";
				ENABLE_NS_ASSERTIONS = NO;
				ENABLE_STRICT_OBJC_MSGSEND = YES;
				GCC_C_LANGUAGE_STANDARD = gnu11;
				GCC_NO_COMMON_BLOCKS = YES;
				GCC_WARN_64_TO_32_BIT_CONVERSION = YES;
				GCC_WARN_ABOUT_RETURN_TYPE = YES_ERROR;
				GCC_WARN_UNDECLARED_SELECTOR = YES;
				GCC_WARN_UNINITIALIZED_AUTOS = YES_AGGRESSIVE;
				GCC_WARN_UNUSED_FUNCTION = YES;
				GCC_WARN_UNUSED_VARIABLE = YES;
				IPHONEOS_DEPLOYMENT_TARGET = 11.4;
				MTL_ENABLE_DEBUG_INFO = NO;
				SDKROOT = iphoneos;
				VALIDATE_PRODUCT = YES;
			};
			name = Release;
		};
		731EB0D520F8447300A1C4D0 /* Debug */ = {
			isa = XCBuildConfiguration;
			buildSettings = {
				ASSETCATALOG_COMPILER_APPICON_NAME = AppIcon;
				CLANG_ALLOW_NON_MODULAR_INCLUDES_IN_FRAMEWORK_MODULES = YES;
				CODE_SIGN_STYLE = Automatic;
				DEVELOPMENT_TEAM = "";
				FRAMEWORK_SEARCH_PATHS = (
					"$(inherited)",
					"$(PROJECT_DIR)/ONTWallet/ONTLib/ONT",
					"$(PROJECT_DIR)/ONTWallet/ONTSDK",
					"$(PROJECT_DIR)/ONTWallet/ONTSDK/ONTCore",
					"$(PROJECT_DIR)/ONTSDK/ONTCore",
					"$(PROJECT_DIR)/KGFONTSDK/ONTCore",
				);
				HEADER_SEARCH_PATHS = (
					"$(inherited)",
					"\"${PODS_ROOT}/Headers/Public\"",
					"\"${PODS_ROOT}/Headers/Public/AFJSONRPCClient\"",
					"\"${PODS_ROOT}/Headers/Public/AFNetworking\"",
					"\"${PODS_ROOT}/Headers/Public/MJExtension\"",
					"\"${PODS_ROOT}/Headers/Public/MTDates\"",
					"\"$(SRCROOT)/ONTWallet/ONTSDK/ONTCore/ONT.h\"",
				);
				INFOPLIST_FILE = ONTWallet/Info.plist;
				LD_RUNPATH_SEARCH_PATHS = (
					"$(inherited)",
					"@executable_path/Frameworks",
				);
				PRODUCT_BUNDLE_IDENTIFIER = com.medishares.ONTWallet;
				PRODUCT_NAME = "$(TARGET_NAME)";
				TARGETED_DEVICE_FAMILY = "1,2";
			};
			name = Debug;
		};
		731EB0D620F8447300A1C4D0 /* Release */ = {
			isa = XCBuildConfiguration;
			buildSettings = {
				ASSETCATALOG_COMPILER_APPICON_NAME = AppIcon;
				CLANG_ALLOW_NON_MODULAR_INCLUDES_IN_FRAMEWORK_MODULES = YES;
				CODE_SIGN_STYLE = Automatic;
				DEVELOPMENT_TEAM = "";
				FRAMEWORK_SEARCH_PATHS = (
					"$(inherited)",
					"$(PROJECT_DIR)/ONTWallet/ONTLib/ONT",
					"$(PROJECT_DIR)/ONTWallet/ONTSDK",
					"$(PROJECT_DIR)/ONTWallet/ONTSDK/ONTCore",
					"$(PROJECT_DIR)/ONTSDK/ONTCore",
					"$(PROJECT_DIR)/KGFONTSDK/ONTCore",
				);
				HEADER_SEARCH_PATHS = (
					"$(inherited)",
					"\"${PODS_ROOT}/Headers/Public\"",
					"\"${PODS_ROOT}/Headers/Public/AFJSONRPCClient\"",
					"\"${PODS_ROOT}/Headers/Public/AFNetworking\"",
					"\"${PODS_ROOT}/Headers/Public/MJExtension\"",
					"\"${PODS_ROOT}/Headers/Public/MTDates\"",
					"\"$(SRCROOT)/ONTWallet/ONTSDK/ONTCore/ONT.h\"",
				);
				INFOPLIST_FILE = ONTWallet/Info.plist;
				LD_RUNPATH_SEARCH_PATHS = (
					"$(inherited)",
					"@executable_path/Frameworks",
				);
				PRODUCT_BUNDLE_IDENTIFIER = com.medishares.ONTWallet;
				PRODUCT_NAME = "$(TARGET_NAME)";
				TARGETED_DEVICE_FAMILY = "1,2";
			};
			name = Release;
		};
/* End XCBuildConfiguration section */

/* Begin XCConfigurationList section */
		731EB0A320F8447000A1C4D0 /* Build configuration list for PBXProject "ONTWallet" */ = {
			isa = XCConfigurationList;
			buildConfigurations = (
				731EB0D220F8447300A1C4D0 /* Debug */,
				731EB0D320F8447300A1C4D0 /* Release */,
			);
			defaultConfigurationIsVisible = 0;
			defaultConfigurationName = Release;
		};
		731EB0D420F8447300A1C4D0 /* Build configuration list for PBXNativeTarget "ONTWallet" */ = {
			isa = XCConfigurationList;
			buildConfigurations = (
				731EB0D520F8447300A1C4D0 /* Debug */,
				731EB0D620F8447300A1C4D0 /* Release */,
			);
			defaultConfigurationIsVisible = 0;
			defaultConfigurationName = Release;
		};
/* End XCConfigurationList section */
	};
	rootObject = 731EB0A020F8447000A1C4D0 /* Project object */;
}
